<?xml version="1.0" encoding="utf-8"?>
<Project ToolsVersion="4.0" xmlns="http://schemas.microsoft.com/developer/msbuild/2003">
  <ItemGroup>
    <Filter Include="Source Files">
      <UniqueIdentifier>{2cb34266-6e9e-446c-bf8a-4d2ba0c05efe}</UniqueIdentifier>
      <Extensions>cpp;c;cxx;rc;def;r;odl;idl;hpj;bat</Extensions>
    </Filter>
    <Filter Include="Header Files">
      <UniqueIdentifier>{eed5b8eb-6972-40d1-90c3-7fb082dc5185}</UniqueIdentifier>
      <Extensions>h;hpp;hxx;hm;inl</Extensions>
    </Filter>
  </ItemGroup>
  <ItemGroup>
    <ClCompile Include="src\array.c">
      <Filter>Source Files</Filter>
    </ClCompile>
    <ClCompile Include="src\audiorecorder.c">
      <Filter>Source Files</Filter>
    </ClCompile>
    <ClCompile Include="src\buffer.c">
      <Filter>Source Files</Filter>
    </ClCompile>
    <ClCompile Include="src\buffercontext.c">
      <Filter>Source Files</Filter>
    </ClCompile>
    <ClCompile Include="src\connections.c">
      <Filter>Source Files</Filter>
    </ClCompile>
    <ClCompile Include="src\custommachine.c">
      <Filter>Source Files</Filter>
    </ClCompile>
    <ClCompile Include="src\dummy.c">
      <Filter>Source Files</Filter>
    </ClCompile>
    <ClCompile Include="src\duplicator.c">
      <Filter>Source Files</Filter>
    </ClCompile>
    <ClCompile Include="src\duplicator2.c">
      <Filter>Source Files</Filter>
    </ClCompile>
    <ClCompile Include="src\duplicatormap.c">
      <Filter>Source Files</Filter>
    </ClCompile>
    <ClCompile Include="src\eventdrivers.c">
      <Filter>Source Files</Filter>
    </ClCompile>
    <ClCompile Include="src\exclusivelock.c">
      <Filter>Source Files</Filter>
    </ClCompile>
    <ClCompile Include="src\fileoutdriver.c">
      <Filter>Source Files</Filter>
    </ClCompile>
    <ClCompile Include="src\inputmap.c">
      <Filter>Source Files</Filter>
    </ClCompile>
    <ClCompile Include="src\instrument.c">
      <Filter>Source Files</Filter>
    </ClCompile>
    <ClCompile Include="src\instruments.c">
      <Filter>Source Files</Filter>
    </ClCompile>
    <ClCompile Include="src\kbddriver.c">
      <Filter>Source Files</Filter>
    </ClCompile>
    <ClCompile Include="src\ladspaplugin.c">
      <Filter>Source Files</Filter>
    </ClCompile>
    <ClCompile Include="src\library.c">
      <Filter>Source Files</Filter>
    </ClCompile>
    <ClCompile Include="src\lock.c">
      <Filter>Source Files</Filter>
    </ClCompile>
    <ClCompile Include="src\luaarray.c">
      <Filter>Source Files</Filter>
    </ClCompile>
    <ClCompile Include="src\luaenvelope.c">
      <Filter>Source Files</Filter>
    </ClCompile>
    <ClCompile Include="src\luaimport.c">
      <Filter>Source Files</Filter>
    </ClCompile>
    <ClCompile Include="src\luaplugin.c">
      <Filter>Source Files</Filter>
    </ClCompile>
    <ClCompile Include="src\luawaveosc.c">
      <Filter>Source Files</Filter>
    </ClCompile>
    <ClCompile Include="src\machine.c">
      <Filter>Source Files</Filter>
    </ClCompile>
    <ClCompile Include="src\machinefactory.c">
      <Filter>Source Files</Filter>
    </ClCompile>
    <ClCompile Include="src\machineinfo.c">
      <Filter>Source Files</Filter>
    </ClCompile>
    <ClCompile Include="src\machineproxy.c">
      <Filter>Source Files</Filter>
    </ClCompile>
    <ClCompile Include="src\machines.c">
      <Filter>Source Files</Filter>
    </ClCompile>
    <ClCompile Include="src\master.c">
      <Filter>Source Files</Filter>
    </ClCompile>
    <ClCompile Include="src\mixer.c">
      <Filter>Source Files</Filter>
    </ClCompile>
    <ClCompile Include="src\pattern.c">
      <Filter>Source Files</Filter>
    </ClCompile>
    <ClCompile Include="src\patternentry.c">
      <Filter>Source Files</Filter>
    </ClCompile>
    <ClCompile Include="src\patternevent.c">
      <Filter>Source Files</Filter>
    </ClCompile>
    <ClCompile Include="src\patternio.c">
      <Filter>Source Files</Filter>
    </ClCompile>
    <ClCompile Include="src\patterns.c">
      <Filter>Source Files</Filter>
    </ClCompile>
    <ClCompile Include="src\patternstrackstate.c">
      <Filter>Source Files</Filter>
    </ClCompile>
    <ClCompile Include="src\player.c">
      <Filter>Source Files</Filter>
    </ClCompile>
    <ClCompile Include="src\plugin.c">
      <Filter>Source Files</Filter>
    </ClCompile>
    <ClCompile Include="src\plugin_interface.cpp">
      <Filter>Source Files</Filter>
    </ClCompile>
    <ClCompile Include="src\plugincatcher.c">
      <Filter>Source Files</Filter>
    </ClCompile>
    <ClCompile Include="src\preset.c">
      <Filter>Source Files</Filter>
    </ClCompile>
    <ClCompile Include="src\presetio.c">
      <Filter>Source Files</Filter>
    </ClCompile>
    <ClCompile Include="src\presets.c">
      <Filter>Source Files</Filter>
    </ClCompile>
    <ClCompile Include="src\psy2.c">
      <Filter>Source Files</Filter>
    </ClCompile>
    <ClCompile Include="src\psy2converter.c">
      <Filter>Source Files</Filter>
    </ClCompile>
    <ClCompile Include="src\psy3.c">
      <Filter>Source Files</Filter>
    </ClCompile>
    <ClCompile Include="src\psyclescript.c">
      <Filter>Source Files</Filter>
    </ClCompile>
    <ClCompile Include="src\sample.c">
      <Filter>Source Files</Filter>
    </ClCompile>
    <ClCompile Include="src\sampler.c">
      <Filter>Source Files</Filter>
    </ClCompile>
    <ClCompile Include="src\samples.c">
      <Filter>Source Files</Filter>
    </ClCompile>
    <ClCompile Include="src\sequence.c">
      <Filter>Source Files</Filter>
    </ClCompile>
    <ClCompile Include="src\sequencer.c">
      <Filter>Source Files</Filter>
    </ClCompile>
    <ClCompile Include="src\silentdriver.c">
      <Filter>Source Files</Filter>
    </ClCompile>
    <ClCompile Include="src\song.c">
      <Filter>Source Files</Filter>
    </ClCompile>
    <ClCompile Include="src\songio.c">
      <Filter>Source Files</Filter>
    </ClCompile>
    <ClCompile Include="src\vstplugin.c">
      <Filter>Source Files</Filter>
    </ClCompile>
    <ClCompile Include="src\waveio.c">
      <Filter>Source Files</Filter>
    </ClCompile>
    <ClCompile Include="src\waveosc.c">
      <Filter>Source Files</Filter>
    </ClCompile>
    <ClCompile Include="src\waveosctables.c">
      <Filter>Source Files</Filter>
    </ClCompile>
    <ClCompile Include="src\wavsongio.c">
      <Filter>Source Files</Filter>
    </ClCompile>
    <ClCompile Include="src\xm.c">
      <Filter>Source Files</Filter>
    </ClCompile>
    <ClCompile Include="src\cputimeclock.c">
      <Filter>Source Files</Filter>
    </ClCompile>
    <ClCompile Include="src\machineparam.c">
      <Filter>Source Files</Filter>
    </ClCompile>
    <ClCompile Include="$(SolutionDir)dsp\src\operations.c">
      <Filter>Source Files</Filter>
    </ClCompile>
    <ClCompile Include="src\wire.c">
      <Filter>Source Files</Filter>
    </ClCompile>
    <ClCompile Include="src\sampleiterator.c">
      <Filter>Source Files</Filter>
    </ClCompile>
    <ClCompile Include="src\samplerchannel.c">
      <Filter>Source Files</Filter>
    </ClCompile>
    <ClCompile Include="src\samplerdefs.c">
      <Filter>Source Files</Filter>
    </ClCompile>
    <ClCompile Include="src\ticktimer.c">
      <Filter>Source Files</Filter>
    </ClCompile>
    <ClCompile Include="src\samplervoice.c">
      <Filter>Source Files</Filter>
    </ClCompile>
  </ItemGroup>
  <ItemGroup>
    <ClInclude Include="src\array.h">
      <Filter>Header Files</Filter>
    </ClInclude>
    <ClInclude Include="src\audiorecorder.h">
      <Filter>Header Files</Filter>
    </ClInclude>
    <ClInclude Include="src\buffer.h">
      <Filter>Header Files</Filter>
    </ClInclude>
    <ClInclude Include="src\buffercontext.h">
      <Filter>Header Files</Filter>
    </ClInclude>
    <ClInclude Include="src\connections.h">
      <Filter>Header Files</Filter>
    </ClInclude>
    <ClInclude Include="src\constants.h">
      <Filter>Header Files</Filter>
    </ClInclude>
    <ClInclude Include="src\custommachine.h">
      <Filter>Header Files</Filter>
    </ClInclude>
    <ClInclude Include="src\dummy.h">
      <Filter>Header Files</Filter>
    </ClInclude>
    <ClInclude Include="src\duplicator.h">
      <Filter>Header Files</Filter>
    </ClInclude>
    <ClInclude Include="src\duplicator2.h">
      <Filter>Header Files</Filter>
    </ClInclude>
    <ClInclude Include="src\duplicatormap.h">
      <Filter>Header Files</Filter>
    </ClInclude>
    <ClInclude Include="src\eventdrivers.h">
      <Filter>Header Files</Filter>
    </ClInclude>
    <ClInclude Include="src\exclusivelock.h">
      <Filter>Header Files</Filter>
    </ClInclude>
    <ClInclude Include="src\fileoutdriver.h">
      <Filter>Header Files</Filter>
    </ClInclude>
    <ClInclude Include="src\inputmap.h">
      <Filter>Header Files</Filter>
    </ClInclude>
    <ClInclude Include="src\instrument.h">
      <Filter>Header Files</Filter>
    </ClInclude>
    <ClInclude Include="src\instruments.h">
      <Filter>Header Files</Filter>
    </ClInclude>
    <ClInclude Include="src\kbddriver.h">
      <Filter>Header Files</Filter>
    </ClInclude>
    <ClInclude Include="src\ladspaplugin.h">
      <Filter>Header Files</Filter>
    </ClInclude>
    <ClInclude Include="src\library.h">
      <Filter>Header Files</Filter>
    </ClInclude>
    <ClInclude Include="src\lock.h">
      <Filter>Header Files</Filter>
    </ClInclude>
    <ClInclude Include="src\luaarray.h">
      <Filter>Header Files</Filter>
    </ClInclude>
    <ClInclude Include="src\luaenvelope.h">
      <Filter>Header Files</Filter>
    </ClInclude>
    <ClInclude Include="src\luaimport.h">
      <Filter>Header Files</Filter>
    </ClInclude>
    <ClInclude Include="src\luaplugin.h">
      <Filter>Header Files</Filter>
    </ClInclude>
    <ClInclude Include="src\luawaveosc.h">
      <Filter>Header Files</Filter>
    </ClInclude>
    <ClInclude Include="src\machine.h">
      <Filter>Header Files</Filter>
    </ClInclude>
    <ClInclude Include="src\machinedefs.h">
      <Filter>Header Files</Filter>
    </ClInclude>
    <ClInclude Include="src\machinefactory.h">
      <Filter>Header Files</Filter>
    </ClInclude>
    <ClInclude Include="src\machineinfo.h">
      <Filter>Header Files</Filter>
    </ClInclude>
    <ClInclude Include="src\machineproxy.h">
      <Filter>Header Files</Filter>
    </ClInclude>
    <ClInclude Include="src\machines.h">
      <Filter>Header Files</Filter>
    </ClInclude>
    <ClInclude Include="src\master.h">
      <Filter>Header Files</Filter>
    </ClInclude>
    <ClInclude Include="src\mixer.h">
      <Filter>Header Files</Filter>
    </ClInclude>
    <ClInclude Include="src\pattern.h">
      <Filter>Header Files</Filter>
    </ClInclude>
    <ClInclude Include="src\patternentry.h">
      <Filter>Header Files</Filter>
    </ClInclude>
    <ClInclude Include="src\patternevent.h">
      <Filter>Header Files</Filter>
    </ClInclude>
    <ClInclude Include="src\patternio.h">
      <Filter>Header Files</Filter>
    </ClInclude>
    <ClInclude Include="src\patterns.h">
      <Filter>Header Files</Filter>
    </ClInclude>
    <ClInclude Include="src\patternstrackstate.h">
      <Filter>Header Files</Filter>
    </ClInclude>
    <ClInclude Include="src\player.h">
      <Filter>Header Files</Filter>
    </ClInclude>
    <ClInclude Include="src\plugin.h">
      <Filter>Header Files</Filter>
    </ClInclude>
    <ClInclude Include="src\plugin_interface.h">
      <Filter>Header Files</Filter>
    </ClInclude>
    <ClInclude Include="src\plugincatcher.h">
      <Filter>Header Files</Filter>
    </ClInclude>
    <ClInclude Include="src\preset.h">
      <Filter>Header Files</Filter>
    </ClInclude>
    <ClInclude Include="src\presetio.h">
      <Filter>Header Files</Filter>
    </ClInclude>
    <ClInclude Include="src\presets.h">
      <Filter>Header Files</Filter>
    </ClInclude>
    <ClInclude Include="src\psy2.h">
      <Filter>Header Files</Filter>
    </ClInclude>
    <ClInclude Include="src\psy2converter.h">
      <Filter>Header Files</Filter>
    </ClInclude>
    <ClInclude Include="src\psy3.h">
      <Filter>Header Files</Filter>
    </ClInclude>
    <ClInclude Include="src\psyclescript.h">
      <Filter>Header Files</Filter>
    </ClInclude>
    <ClInclude Include="src\sample.h">
      <Filter>Header Files</Filter>
    </ClInclude>
    <ClInclude Include="src\sampler.h">
      <Filter>Header Files</Filter>
    </ClInclude>
    <ClInclude Include="src\samples.h">
      <Filter>Header Files</Filter>
    </ClInclude>
    <ClInclude Include="src\sequence.h">
      <Filter>Header Files</Filter>
    </ClInclude>
    <ClInclude Include="src\sequencer.h">
      <Filter>Header Files</Filter>
    </ClInclude>
    <ClInclude Include="src\silentdriver.h">
      <Filter>Header Files</Filter>
    </ClInclude>
    <ClInclude Include="src\song.h">
      <Filter>Header Files</Filter>
    </ClInclude>
    <ClInclude Include="src\songio.h">
      <Filter>Header Files</Filter>
    </ClInclude>
    <ClInclude Include="src\vstplugin.h">
      <Filter>Header Files</Filter>
    </ClInclude>
    <ClInclude Include="src\waveio.h">
      <Filter>Header Files</Filter>
    </ClInclude>
    <ClInclude Include="src\waveosc.h">
      <Filter>Header Files</Filter>
    </ClInclude>
    <ClInclude Include="src\waveosctables.h">
      <Filter>Header Files</Filter>
    </ClInclude>
    <ClInclude Include="src\wavsongio.h">
      <Filter>Header Files</Filter>
    </ClInclude>
    <ClInclude Include="src\xm.h">
      <Filter>Header Files</Filter>
    </ClInclude>
    <ClInclude Include="src\xmdefs.h">
      <Filter>Header Files</Filter>
    </ClInclude>
    <ClInclude Include="src\cputimeclock.h">
      <Filter>Header Files</Filter>
    </ClInclude>
    <ClInclude Include="src\machineparam.h">
      <Filter>Header Files</Filter>
    </ClInclude>
    <ClInclude Include="src\wire.h">
      <Filter>Header Files</Filter>
    </ClInclude>
    <ClInclude Include="src\sampleiterator.h">
      <Filter>Header Files</Filter>
    </ClInclude>
    <ClInclude Include="src\samplerchannel.h">
      <Filter>Header Files</Filter>
    </ClInclude>
    <ClInclude Include="src\samplerdefs.h">
      <Filter>Header Files</Filter>
    </ClInclude>
    <ClInclude Include="src\ticktimer.h">
      <Filter>Header Files</Filter>
    </ClInclude>
    <ClInclude Include="src\samplervoice.h">
      <Filter>Header Files</Filter>
    </ClInclude>
  </ItemGroup>
</Project>