<?xml version="1.0" encoding="utf-8"?>
<Project ToolsVersion="4.0" xmlns="http://schemas.microsoft.com/developer/msbuild/2003">
  <ItemGroup>
    <Filter Include="Quelldateien">
      <UniqueIdentifier>{4FC737F1-C7A5-4376-A066-2A32D752A2FF}</UniqueIdentifier>
      <Extensions>cpp;c;cc;cxx;c++;cppm;ixx;def;odl;idl;hpj;bat;asm;asmx</Extensions>
    </Filter>
    <Filter Include="Headerdateien">
      <UniqueIdentifier>{93995380-89BD-4b04-88EB-625FBE52EBFB}</UniqueIdentifier>
      <Extensions>h;hh;hpp;hxx;h++;hm;inl;inc;ipp;xsd</Extensions>
    </Filter>
    <Filter Include="Ressourcendateien">
      <UniqueIdentifier>{67DA6AB6-F800-4c08-8B7A-83BB121AAD01}</UniqueIdentifier>
      <Extensions>rc;ico;cur;bmp;dlg;rc2;rct;bin;rgs;gif;jpg;jpeg;jpe;resx;tiff;tif;png;wav;mfcribbon-ms</Extensions>
    </Filter>
    <Filter Include="win32">
      <UniqueIdentifier>{026b1b3f-a6f5-4a91-b219-268dcb7e88d6}</UniqueIdentifier>
    </Filter>
  </ItemGroup>
  <ItemGroup>
    <ClInclude Include="framework.h">
      <Filter>Headerdateien</Filter>
    </ClInclude>
    <ClInclude Include="src\AutoComplete.h">
      <Filter>Headerdateien</Filter>
    </ClInclude>
    <ClInclude Include="src\CallTip.h">
      <Filter>Headerdateien</Filter>
    </ClInclude>
    <ClInclude Include="src\CaseConvert.h">
      <Filter>Headerdateien</Filter>
    </ClInclude>
    <ClInclude Include="src\CaseFolder.h">
      <Filter>Headerdateien</Filter>
    </ClInclude>
    <ClInclude Include="src\CellBuffer.h">
      <Filter>Headerdateien</Filter>
    </ClInclude>
    <ClInclude Include="src\CharacterCategory.h">
      <Filter>Headerdateien</Filter>
    </ClInclude>
    <ClInclude Include="src\CharacterSet.h">
      <Filter>Headerdateien</Filter>
    </ClInclude>
    <ClInclude Include="src\CharClassify.h">
      <Filter>Headerdateien</Filter>
    </ClInclude>
    <ClInclude Include="src\ContractionState.h">
      <Filter>Headerdateien</Filter>
    </ClInclude>
    <ClInclude Include="src\DBCS.h">
      <Filter>Headerdateien</Filter>
    </ClInclude>
    <ClInclude Include="src\Debugging.h">
      <Filter>Headerdateien</Filter>
    </ClInclude>
    <ClInclude Include="src\Decoration.h">
      <Filter>Headerdateien</Filter>
    </ClInclude>
    <ClInclude Include="src\Document.h">
      <Filter>Headerdateien</Filter>
    </ClInclude>
    <ClInclude Include="src\EditModel.h">
      <Filter>Headerdateien</Filter>
    </ClInclude>
    <ClInclude Include="src\Editor.h">
      <Filter>Headerdateien</Filter>
    </ClInclude>
    <ClInclude Include="src\EditView.h">
      <Filter>Headerdateien</Filter>
    </ClInclude>
    <ClInclude Include="src\ElapsedPeriod.h">
      <Filter>Headerdateien</Filter>
    </ClInclude>
    <ClInclude Include="src\FontQuality.h">
      <Filter>Headerdateien</Filter>
    </ClInclude>
    <ClInclude Include="src\Geometry.h">
      <Filter>Headerdateien</Filter>
    </ClInclude>
    <ClInclude Include="src\Indicator.h">
      <Filter>Headerdateien</Filter>
    </ClInclude>
    <ClInclude Include="src\KeyMap.h">
      <Filter>Headerdateien</Filter>
    </ClInclude>
    <ClInclude Include="src\LineMarker.h">
      <Filter>Headerdateien</Filter>
    </ClInclude>
    <ClInclude Include="src\MarginView.h">
      <Filter>Headerdateien</Filter>
    </ClInclude>
    <ClInclude Include="src\Partitioning.h">
      <Filter>Headerdateien</Filter>
    </ClInclude>
    <ClInclude Include="src\PerLine.h">
      <Filter>Headerdateien</Filter>
    </ClInclude>
    <ClInclude Include="src\Platform.h">
      <Filter>Headerdateien</Filter>
    </ClInclude>
    <ClInclude Include="src\Position.h">
      <Filter>Headerdateien</Filter>
    </ClInclude>
    <ClInclude Include="src\PositionCache.h">
      <Filter>Headerdateien</Filter>
    </ClInclude>
    <ClInclude Include="src\RESearch.h">
      <Filter>Headerdateien</Filter>
    </ClInclude>
    <ClInclude Include="src\RunStyles.h">
      <Filter>Headerdateien</Filter>
    </ClInclude>
    <ClInclude Include="src\ScintillaBase.h">
      <Filter>Headerdateien</Filter>
    </ClInclude>
    <ClInclude Include="src\Selection.h">
      <Filter>Headerdateien</Filter>
    </ClInclude>
    <ClInclude Include="src\SparseVector.h">
      <Filter>Headerdateien</Filter>
    </ClInclude>
    <ClInclude Include="src\SplitVector.h">
      <Filter>Headerdateien</Filter>
    </ClInclude>
    <ClInclude Include="src\Style.h">
      <Filter>Headerdateien</Filter>
    </ClInclude>
    <ClInclude Include="src\UniConversion.h">
      <Filter>Headerdateien</Filter>
    </ClInclude>
    <ClInclude Include="src\UniqueString.h">
      <Filter>Headerdateien</Filter>
    </ClInclude>
    <ClInclude Include="src\ViewStyle.h">
      <Filter>Headerdateien</Filter>
    </ClInclude>
    <ClInclude Include="src\XPM.h">
      <Filter>Headerdateien</Filter>
    </ClInclude>
    <ClInclude Include="win32\HanjaDic.h">
      <Filter>win32</Filter>
    </ClInclude>
    <ClInclude Include="win32\PlatWin.h">
      <Filter>win32</Filter>
    </ClInclude>
    <ClInclude Include="win32\ScintillaWin.h">
      <Filter>win32</Filter>
    </ClInclude>
  </ItemGroup>
  <ItemGroup>
    <ClCompile Include="src\AutoComplete.cxx">
      <Filter>Quelldateien</Filter>
    </ClCompile>
    <ClCompile Include="src\CallTip.cxx">
      <Filter>Quelldateien</Filter>
    </ClCompile>
    <ClCompile Include="src\CaseConvert.cxx">
      <Filter>Quelldateien</Filter>
    </ClCompile>
    <ClCompile Include="src\CaseFolder.cxx">
      <Filter>Quelldateien</Filter>
    </ClCompile>
    <ClCompile Include="src\CellBuffer.cxx">
      <Filter>Quelldateien</Filter>
    </ClCompile>
    <ClCompile Include="src\CharacterCategory.cxx">
      <Filter>Quelldateien</Filter>
    </ClCompile>
    <ClCompile Include="src\CharacterSet.cxx">
      <Filter>Quelldateien</Filter>
    </ClCompile>
    <ClCompile Include="src\CharClassify.cxx">
      <Filter>Quelldateien</Filter>
    </ClCompile>
    <ClCompile Include="src\ContractionState.cxx">
      <Filter>Quelldateien</Filter>
    </ClCompile>
    <ClCompile Include="src\DBCS.cxx">
      <Filter>Quelldateien</Filter>
    </ClCompile>
    <ClCompile Include="src\Decoration.cxx">
      <Filter>Quelldateien</Filter>
    </ClCompile>
    <ClCompile Include="src\Document.cxx">
      <Filter>Quelldateien</Filter>
    </ClCompile>
    <ClCompile Include="src\EditModel.cxx">
      <Filter>Quelldateien</Filter>
    </ClCompile>
    <ClCompile Include="src\Editor.cxx">
      <Filter>Quelldateien</Filter>
    </ClCompile>
    <ClCompile Include="src\EditView.cxx">
      <Filter>Quelldateien</Filter>
    </ClCompile>
    <ClCompile Include="src\Geometry.cxx">
      <Filter>Quelldateien</Filter>
    </ClCompile>
    <ClCompile Include="src\Indicator.cxx">
      <Filter>Quelldateien</Filter>
    </ClCompile>
    <ClCompile Include="src\KeyMap.cxx">
      <Filter>Quelldateien</Filter>
    </ClCompile>
    <ClCompile Include="src\LineMarker.cxx">
      <Filter>Quelldateien</Filter>
    </ClCompile>
    <ClCompile Include="src\MarginView.cxx">
      <Filter>Quelldateien</Filter>
    </ClCompile>
    <ClCompile Include="src\PerLine.cxx">
      <Filter>Quelldateien</Filter>
    </ClCompile>
    <ClCompile Include="src\PositionCache.cxx">
      <Filter>Quelldateien</Filter>
    </ClCompile>
    <ClCompile Include="src\RESearch.cxx">
      <Filter>Quelldateien</Filter>
    </ClCompile>
    <ClCompile Include="src\RunStyles.cxx">
      <Filter>Quelldateien</Filter>
    </ClCompile>
    <ClCompile Include="src\ScintillaBase.cxx">
      <Filter>Quelldateien</Filter>
    </ClCompile>
    <ClCompile Include="src\Selection.cxx">
      <Filter>Quelldateien</Filter>
    </ClCompile>
    <ClCompile Include="src\Style.cxx">
      <Filter>Quelldateien</Filter>
    </ClCompile>
    <ClCompile Include="src\UniConversion.cxx">
      <Filter>Quelldateien</Filter>
    </ClCompile>
    <ClCompile Include="src\UniqueString.cxx">
      <Filter>Quelldateien</Filter>
    </ClCompile>
    <ClCompile Include="src\ViewStyle.cxx">
      <Filter>Quelldateien</Filter>
    </ClCompile>
    <ClCompile Include="src\XPM.cxx">
      <Filter>Quelldateien</Filter>
    </ClCompile>
    <ClCompile Include="win32\HanjaDic.cxx">
      <Filter>win32</Filter>
    </ClCompile>
    <ClCompile Include="win32\PlatWin.cxx">
      <Filter>win32</Filter>
    </ClCompile>
    <ClCompile Include="win32\ScintillaDLL.cxx">
      <Filter>win32</Filter>
    </ClCompile>
    <ClCompile Include="win32\ScintillaWin.cxx">
      <Filter>win32</Filter>
    </ClCompile>
  </ItemGroup>
  <ItemGroup>
    <None Include="src\SciTE.properties" />
    <None Include="win32\DepGen.py">
      <Filter>win32</Filter>
    </None>
    <None Include="win32\deps.mak">
      <Filter>win32</Filter>
    </None>
    <None Include="win32\makefile">
      <Filter>win32</Filter>
    </None>
    <None Include="win32\nmdeps.mak">
      <Filter>win32</Filter>
    </None>
    <None Include="win32\Scintilla.def">
      <Filter>win32</Filter>
    </None>
    <None Include="win32\scintilla.mak">
      <Filter>win32</Filter>
    </None>
    <None Include="win32\Scintilla.vcxproj">
      <Filter>win32</Filter>
    </None>
    <None Include="win32\SciTE.properties">
      <Filter>win32</Filter>
    </None>
  </ItemGroup>
  <ItemGroup>
    <ResourceCompile Include="win32\ScintRes.rc">
      <Filter>win32</Filter>
    </ResourceCompile>
  </ItemGroup>
</Project>