<?xml version="1.0" encoding="utf-8"?>
<Project ToolsVersion="4.0" xmlns="http://schemas.microsoft.com/developer/msbuild/2003">
  <ItemGroup>
    <Filter Include="stk">
      <UniqueIdentifier>{e6cfc9ce-5b47-45b9-b43a-a5e12a9e1126}</UniqueIdentifier>
    </Filter>
  </ItemGroup>
  <ItemGroup>
    <ClCompile Include="..\..\external-packages\stk-4.5.0\stk\Delay.cpp">
      <Filter>stk</Filter>
    </ClCompile>
    <ClCompile Include="..\..\external-packages\stk-4.5.0\stk\JCRev.cpp">
      <Filter>stk</Filter>
    </ClCompile>
    <ClCompile Include="..\..\external-packages\stk-4.5.0\stk\NRev.cpp">
      <Filter>stk</Filter>
    </ClCompile>
    <ClCompile Include="..\..\external-packages\stk-4.5.0\stk\PRCRev.cpp">
      <Filter>stk</Filter>
    </ClCompile>
    <ClCompile Include="..\..\external-packages\stk-4.5.0\stk\Stk.cpp">
      <Filter>stk</Filter>
    </ClCompile>
    <ClCompile Include="..\src\psycle\plugins\stk\stk.reverbs.cpp" />
    <ClCompile Include="..\..\external-packages\stk-4.5.0\stk\OnePole.cpp" />
  </ItemGroup>
  <ItemGroup>
    <ClInclude Include="..\..\external-packages\stk-4.5.0\stk\Delay.h">
      <Filter>stk</Filter>
    </ClInclude>
    <ClInclude Include="..\..\external-packages\stk-4.5.0\stk\Effect.h">
      <Filter>stk</Filter>
    </ClInclude>
    <ClInclude Include="..\..\external-packages\stk-4.5.0\stk\Filter.h">
      <Filter>stk</Filter>
    </ClInclude>
    <ClInclude Include="..\..\external-packages\stk-4.5.0\stk\JCRev.h">
      <Filter>stk</Filter>
    </ClInclude>
    <ClInclude Include="..\..\external-packages\stk-4.5.0\stk\NRev.h">
      <Filter>stk</Filter>
    </ClInclude>
    <ClInclude Include="..\..\external-packages\stk-4.5.0\stk\PRCRev.h">
      <Filter>stk</Filter>
    </ClInclude>
    <ClInclude Include="..\..\external-packages\stk-4.5.0\stk\Stk.h">
      <Filter>stk</Filter>
    </ClInclude>
    <ClInclude Include="..\..\external-packages\stk-4.5.0\stk\OnePole.h" />
  </ItemGroup>
</Project>