<?xml version="1.0" encoding="utf-8"?>
<Project ToolsVersion="4.0" xmlns="http://schemas.microsoft.com/developer/msbuild/2003">
  <ItemGroup>
    <Filter Include="stk">
      <UniqueIdentifier>{1d66450c-55c8-463f-8226-878b14b793c8}</UniqueIdentifier>
    </Filter>
  </ItemGroup>
  <ItemGroup>
    <ClCompile Include="..\..\external-packages\stk-4.5.0\stk\ADSR.cpp">
      <Filter>stk</Filter>
    </ClCompile>
    <ClCompile Include="..\..\external-packages\stk-4.5.0\stk\BiQuad.cpp">
      <Filter>stk</Filter>
    </ClCompile>
    <ClCompile Include="..\..\external-packages\stk-4.5.0\stk\Delay.cpp">
      <Filter>stk</Filter>
    </ClCompile>
    <ClCompile Include="..\..\external-packages\stk-4.5.0\stk\DelayA.cpp">
      <Filter>stk</Filter>
    </ClCompile>
    <ClCompile Include="..\..\external-packages\stk-4.5.0\stk\DelayL.cpp">
      <Filter>stk</Filter>
    </ClCompile>
    <ClCompile Include="..\..\external-packages\stk-4.5.0\stk\Envelope.cpp">
      <Filter>stk</Filter>
    </ClCompile>
    <ClCompile Include="..\..\external-packages\stk-4.5.0\stk\Noise.cpp">
      <Filter>stk</Filter>
    </ClCompile>
    <ClCompile Include="..\..\external-packages\stk-4.5.0\stk\OnePole.cpp">
      <Filter>stk</Filter>
    </ClCompile>
    <ClCompile Include="..\..\external-packages\stk-4.5.0\stk\OneZero.cpp">
      <Filter>stk</Filter>
    </ClCompile>
    <ClCompile Include="..\..\external-packages\stk-4.5.0\stk\Plucked.cpp">
      <Filter>stk</Filter>
    </ClCompile>
    <ClCompile Include="..\..\external-packages\stk-4.5.0\stk\Stk.cpp">
      <Filter>stk</Filter>
    </ClCompile>
    <ClCompile Include="..\src\psycle\plugins\stk\stk.plucked.cpp" />
  </ItemGroup>
</Project>