<?xml version="1.0" encoding="utf-8"?>
<Project ToolsVersion="4.0" xmlns="http://schemas.microsoft.com/developer/msbuild/2003">
  <ItemGroup>
    <Filter Include="stk">
      <UniqueIdentifier>{6cf20ebb-9e50-438a-bb47-421404f61786}</UniqueIdentifier>
    </Filter>
  </ItemGroup>
  <ItemGroup>
    <ClCompile Include="..\..\external-packages\stk-4.5.0\stk\Shakers.cpp">
      <Filter>stk</Filter>
    </ClCompile>
    <ClCompile Include="..\..\external-packages\stk-4.5.0\stk\Stk.cpp">
      <Filter>stk</Filter>
    </ClCompile>
    <ClCompile Include="..\src\psycle\plugins\stk\stk.shakers.cpp" />
  </ItemGroup>
</Project>