<?xml version="1.0" encoding="utf-8"?>
<Project ToolsVersion="4.0" xmlns="http://schemas.microsoft.com/developer/msbuild/2003">
  <ItemGroup>
    <Filter Include="Source Files">
      <UniqueIdentifier>{96673a41-7418-409d-906e-8a9a9e460188}</UniqueIdentifier>
      <Extensions>cpp;c;cxx;rc;def;r;odl;idl;hpj;bat</Extensions>
    </Filter>
    <Filter Include="Header Files">
      <UniqueIdentifier>{6dfb923a-87ed-49ba-8722-254b8e0257e2}</UniqueIdentifier>
      <Extensions>h;hpp;hxx;hm;inl</Extensions>
    </Filter>
  </ItemGroup>
  <ItemGroup>
    <ClCompile Include="src\datacompression.c">
      <Filter>Source Files</Filter>
    </ClCompile>
    <ClCompile Include="src\dir.c">
      <Filter>Source Files</Filter>
    </ClCompile>
    <ClCompile Include="src\fileio.c">
      <Filter>Source Files</Filter>
    </ClCompile>
    <ClCompile Include="src\propertiesio.c">
      <Filter>Source Files</Filter>
    </ClCompile>
    <ClCompile Include="src\translator.c">
      <Filter>Source Files</Filter>
    </ClCompile>
    <ClCompile Include="src\playlist.c">
      <Filter>Source Files</Filter>
    </ClCompile>
    <ClCompile Include="src\zipwriter.c">
      <Filter>Source Files</Filter>
    </ClCompile>
    <ClCompile Include="src\zipreader.c">
      <Filter>Source Files</Filter>
    </ClCompile>
  </ItemGroup>
  <ItemGroup>
    <ClInclude Include="src\datacompression.h">
      <Filter>Header Files</Filter>
    </ClInclude>
    <ClInclude Include="src\dir.h">
      <Filter>Header Files</Filter>
    </ClInclude>
    <ClInclude Include="src\fileio.h">
      <Filter>Header Files</Filter>
    </ClInclude>
    <ClInclude Include="src\propertiesio.h">
      <Filter>Header Files</Filter>
    </ClInclude>
    <ClInclude Include="src\translator.h">
      <Filter>Header Files</Filter>
    </ClInclude>
    <ClInclude Include="src\playlist.h">
      <Filter>Header Files</Filter>
    </ClInclude>
    <ClInclude Include="src\zipwriter.h">
      <Filter>Header Files</Filter>
    </ClInclude>
    <ClInclude Include="src\zipreader.h">
      <Filter>Header Files</Filter>
    </ClInclude>
    <ClInclude Include="src\zlib.h">
      <Filter>Header Files</Filter>
    </ClInclude>
    <ClInclude Include="src\zconf.h">
      <Filter>Header Files</Filter>
    </ClInclude>
  </ItemGroup>
</Project>