
Microsoft Visual Studio Solution File, Format Version 10.00
# Visual Studio 2008
Project("{8BC9CEB8-8B4A-11D0-8D11-00A0C91BC942}") = "audio", "audio\audio.vcproj", "{40EC0FF3-1592-49D3-AC1B-3C5F85D268A9}"
	ProjectSection(ProjectDependencies) = postProject
		{205CE71C-FAA1-4310-89F5-F29A9B023433} = {205CE71C-FAA1-4310-89F5-F29A9B023433}
		{C683404B-6218-43D6-B9AD-E6D14016F66C} = {C683404B-6218-43D6-B9AD-E6D14016F66C}
		{B03D2A93-90C0-4FD7-9E41-D72CC990FA3B} = {B03D2A93-90C0-4FD7-9E41-D72CC990FA3B}
		{02BED69A-6B88-424F-BA0B-4477CA7C3376} = {02BED69A-6B88-424F-BA0B-4477CA7C3376}
		{8CEB65BD-4B67-416C-9DDE-03F395CC522F} = {8CEB65BD-4B67-416C-9DDE-03F395CC522F}
	EndProjectSection
EndProject
Project("{8BC9CEB8-8B4A-11D0-8D11-00A0C91BC942}") = "container", "container\container.vcproj", "{8CEB65BD-4B67-416C-9DDE-03F395CC522F}"
EndProject
Project("{8BC9CEB8-8B4A-11D0-8D11-00A0C91BC942}") = "directx", "driver\directx\directx.vcproj", "{5E7B075E-2226-46EE-B851-1B1D70F02CF1}"
	ProjectSection(ProjectDependencies) = postProject
		{8CEB65BD-4B67-416C-9DDE-03F395CC522F} = {8CEB65BD-4B67-416C-9DDE-03F395CC522F}
	EndProjectSection
EndProject
Project("{8BC9CEB8-8B4A-11D0-8D11-00A0C91BC942}") = "dsp", "dsp\dsp.vcproj", "{B03D2A93-90C0-4FD7-9E41-D72CC990FA3B}"
EndProject
Project("{8BC9CEB8-8B4A-11D0-8D11-00A0C91BC942}") = "file", "file\file.vcproj", "{205CE71C-FAA1-4310-89F5-F29A9B023433}"
EndProject
Project("{8BC9CEB8-8B4A-11D0-8D11-00A0C91BC942}") = "host", "host\host.vcproj", "{740AAC0D-1FAC-4D4A-9045-62E0EF74578E}"
	ProjectSection(ProjectDependencies) = postProject
		{3AA79E0C-D7F0-494A-8EA8-1532816EEE83} = {3AA79E0C-D7F0-494A-8EA8-1532816EEE83}
		{205CE71C-FAA1-4310-89F5-F29A9B023433} = {205CE71C-FAA1-4310-89F5-F29A9B023433}
		{C683404B-6218-43D6-B9AD-E6D14016F66C} = {C683404B-6218-43D6-B9AD-E6D14016F66C}
		{B03D2A93-90C0-4FD7-9E41-D72CC990FA3B} = {B03D2A93-90C0-4FD7-9E41-D72CC990FA3B}
		{02BED69A-6B88-424F-BA0B-4477CA7C3376} = {02BED69A-6B88-424F-BA0B-4477CA7C3376}
		{4F983EA4-B43D-49FE-A4E8-8BCFDD4A1277} = {4F983EA4-B43D-49FE-A4E8-8BCFDD4A1277}
		{8CEB65BD-4B67-416C-9DDE-03F395CC522F} = {8CEB65BD-4B67-416C-9DDE-03F395CC522F}
		{40EC0FF3-1592-49D3-AC1B-3C5F85D268A9} = {40EC0FF3-1592-49D3-AC1B-3C5F85D268A9}
	EndProjectSection
EndProject
Project("{8BC9CEB8-8B4A-11D0-8D11-00A0C91BC942}") = "mme", "driver\mme\mme.vcproj", "{1C206883-DCD9-4446-BFBB-EDFA844E7709}"
	ProjectSection(ProjectDependencies) = postProject
		{8CEB65BD-4B67-416C-9DDE-03F395CC522F} = {8CEB65BD-4B67-416C-9DDE-03F395CC522F}
	EndProjectSection
EndProject
Project("{8BC9CEB8-8B4A-11D0-8D11-00A0C91BC942}") = "mmemidi", "driver\mmemidi\mmemidi.vcproj", "{D304979A-D364-40A3-95AB-44439778AADC}"
	ProjectSection(ProjectDependencies) = postProject
		{8CEB65BD-4B67-416C-9DDE-03F395CC522F} = {8CEB65BD-4B67-416C-9DDE-03F395CC522F}
	EndProjectSection
EndProject
Project("{8BC9CEB8-8B4A-11D0-8D11-00A0C91BC942}") = "player", "player\player.vcproj", "{F5003821-205C-42CE-AF2A-2697F0E96B2A}"
	ProjectSection(ProjectDependencies) = postProject
		{40EC0FF3-1592-49D3-AC1B-3C5F85D268A9} = {40EC0FF3-1592-49D3-AC1B-3C5F85D268A9}
	EndProjectSection
EndProject
Project("{8BC9CEB8-8B4A-11D0-8D11-00A0C91BC942}") = "ui", "ui\ui.vcproj", "{4F983EA4-B43D-49FE-A4E8-8BCFDD4A1277}"
	ProjectSection(ProjectDependencies) = postProject
		{8CEB65BD-4B67-416C-9DDE-03F395CC522F} = {8CEB65BD-4B67-416C-9DDE-03F395CC522F}
	EndProjectSection
EndProject
Project("{8BC9CEB8-8B4A-11D0-8D11-00A0C91BC942}") = "asiodriver", "driver\asiodriver\asiodriver.vcproj", "{F59B36E8-0395-404F-B7BF-2C9773314063}"
EndProject
Project("{8BC9CEB8-8B4A-11D0-8D11-00A0C91BC942}") = "lua54", "lua54\lua54.vcproj", "{3AA79E0C-D7F0-494A-8EA8-1532816EEE83}"
EndProject
Project("{2150E333-8FDC-42A3-9474-1A3956D46DE8}") = "detail", "detail", "{690524D5-9696-44B8-B11C-57A61FE3EBC7}"
	ProjectSection(SolutionItems) = preProject
		detail\compiler.h = detail\compiler.h
		detail\cpu.h = detail\cpu.h
		detail\miunit.h = detail\miunit.h
		detail\os.h = detail\os.h
		detail\portable.h = detail\portable.h
		detail\prefix.h = detail\prefix.h
		detail\psyconf.h = detail\psyconf.h
		detail\psydef.h = detail\psydef.h
		detail\psyversion.h = detail\psyversion.h
		detail\stdint.h = detail\stdint.h
		detail\strcasestr.h = detail\strcasestr.h
		detail\stringize.h = detail\stringize.h
		detail\trace.h = detail\trace.h
	EndProjectSection
EndProject
Project("{8BC9CEB8-8B4A-11D0-8D11-00A0C91BC942}") = "luaui", "luaui\luaui.vcproj", "{0DF44D67-6141-4BBA-B292-84A02CE7A398}"
EndProject
Project("{8BC9CEB8-8B4A-11D0-8D11-00A0C91BC942}") = "script", "script\script.vcproj", "{02BED69A-6B88-424F-BA0B-4477CA7C3376}"
	ProjectSection(ProjectDependencies) = postProject
		{C683404B-6218-43D6-B9AD-E6D14016F66C} = {C683404B-6218-43D6-B9AD-E6D14016F66C}
	EndProjectSection
EndProject
Project("{2150E333-8FDC-42A3-9474-1A3956D46DE8}") = "helper", "helper", "{5B5C77DA-341A-4603-AB56-548C3DE8C4A2}"
EndProject
Project("{8BC9CEB8-8B4A-11D0-8D11-00A0C91BC942}") = "thread", "thread\thread.vcproj", "{C683404B-6218-43D6-B9AD-E6D14016F66C}"
EndProject
Global
	GlobalSection(SolutionConfigurationPlatforms) = preSolution
		Debug|Win32 = Debug|Win32
		Release|Win32 = Release|Win32
	EndGlobalSection
	GlobalSection(ProjectConfigurationPlatforms) = postSolution
		{40EC0FF3-1592-49D3-AC1B-3C5F85D268A9}.Debug|Win32.ActiveCfg = Debug|Win32
		{40EC0FF3-1592-49D3-AC1B-3C5F85D268A9}.Debug|Win32.Build.0 = Debug|Win32
		{40EC0FF3-1592-49D3-AC1B-3C5F85D268A9}.Release|Win32.ActiveCfg = Release|Win32
		{40EC0FF3-1592-49D3-AC1B-3C5F85D268A9}.Release|Win32.Build.0 = Release|Win32
		{8CEB65BD-4B67-416C-9DDE-03F395CC522F}.Debug|Win32.ActiveCfg = Debug|Win32
		{8CEB65BD-4B67-416C-9DDE-03F395CC522F}.Debug|Win32.Build.0 = Debug|Win32
		{8CEB65BD-4B67-416C-9DDE-03F395CC522F}.Release|Win32.ActiveCfg = Release|Win32
		{8CEB65BD-4B67-416C-9DDE-03F395CC522F}.Release|Win32.Build.0 = Release|Win32
		{5E7B075E-2226-46EE-B851-1B1D70F02CF1}.Debug|Win32.ActiveCfg = Debug|Win32
		{5E7B075E-2226-46EE-B851-1B1D70F02CF1}.Debug|Win32.Build.0 = Debug|Win32
		{5E7B075E-2226-46EE-B851-1B1D70F02CF1}.Release|Win32.ActiveCfg = Release|Win32
		{5E7B075E-2226-46EE-B851-1B1D70F02CF1}.Release|Win32.Build.0 = Release|Win32
		{B03D2A93-90C0-4FD7-9E41-D72CC990FA3B}.Debug|Win32.ActiveCfg = Debug|Win32
		{B03D2A93-90C0-4FD7-9E41-D72CC990FA3B}.Debug|Win32.Build.0 = Debug|Win32
		{B03D2A93-90C0-4FD7-9E41-D72CC990FA3B}.Release|Win32.ActiveCfg = Release|Win32
		{B03D2A93-90C0-4FD7-9E41-D72CC990FA3B}.Release|Win32.Build.0 = Release|Win32
		{205CE71C-FAA1-4310-89F5-F29A9B023433}.Debug|Win32.ActiveCfg = Debug|Win32
		{205CE71C-FAA1-4310-89F5-F29A9B023433}.Debug|Win32.Build.0 = Debug|Win32
		{205CE71C-FAA1-4310-89F5-F29A9B023433}.Release|Win32.ActiveCfg = Release|Win32
		{205CE71C-FAA1-4310-89F5-F29A9B023433}.Release|Win32.Build.0 = Release|Win32
		{740AAC0D-1FAC-4D4A-9045-62E0EF74578E}.Debug|Win32.ActiveCfg = Debug|Win32
		{740AAC0D-1FAC-4D4A-9045-62E0EF74578E}.Debug|Win32.Build.0 = Debug|Win32
		{740AAC0D-1FAC-4D4A-9045-62E0EF74578E}.Release|Win32.ActiveCfg = Release|Win32
		{740AAC0D-1FAC-4D4A-9045-62E0EF74578E}.Release|Win32.Build.0 = Release|Win32
		{1C206883-DCD9-4446-BFBB-EDFA844E7709}.Debug|Win32.ActiveCfg = Debug|Win32
		{1C206883-DCD9-4446-BFBB-EDFA844E7709}.Debug|Win32.Build.0 = Debug|Win32
		{1C206883-DCD9-4446-BFBB-EDFA844E7709}.Release|Win32.ActiveCfg = Release|Win32
		{1C206883-DCD9-4446-BFBB-EDFA844E7709}.Release|Win32.Build.0 = Release|Win32
		{D304979A-D364-40A3-95AB-44439778AADC}.Debug|Win32.ActiveCfg = Debug|Win32
		{D304979A-D364-40A3-95AB-44439778AADC}.Debug|Win32.Build.0 = Debug|Win32
		{D304979A-D364-40A3-95AB-44439778AADC}.Release|Win32.ActiveCfg = Release|Win32
		{D304979A-D364-40A3-95AB-44439778AADC}.Release|Win32.Build.0 = Release|Win32
		{F5003821-205C-42CE-AF2A-2697F0E96B2A}.Debug|Win32.ActiveCfg = Debug|Win32
		{F5003821-205C-42CE-AF2A-2697F0E96B2A}.Debug|Win32.Build.0 = Debug|Win32
		{F5003821-205C-42CE-AF2A-2697F0E96B2A}.Release|Win32.ActiveCfg = Release|Win32
		{F5003821-205C-42CE-AF2A-2697F0E96B2A}.Release|Win32.Build.0 = Release|Win32
		{4F983EA4-B43D-49FE-A4E8-8BCFDD4A1277}.Debug|Win32.ActiveCfg = Debug|Win32
		{4F983EA4-B43D-49FE-A4E8-8BCFDD4A1277}.Debug|Win32.Build.0 = Debug|Win32
		{4F983EA4-B43D-49FE-A4E8-8BCFDD4A1277}.Release|Win32.ActiveCfg = Release|Win32
		{4F983EA4-B43D-49FE-A4E8-8BCFDD4A1277}.Release|Win32.Build.0 = Release|Win32
		{F59B36E8-0395-404F-B7BF-2C9773314063}.Debug|Win32.ActiveCfg = Debug|Win32
		{F59B36E8-0395-404F-B7BF-2C9773314063}.Debug|Win32.Build.0 = Debug|Win32
		{F59B36E8-0395-404F-B7BF-2C9773314063}.Release|Win32.ActiveCfg = Release|Win32
		{F59B36E8-0395-404F-B7BF-2C9773314063}.Release|Win32.Build.0 = Release|Win32
		{3AA79E0C-D7F0-494A-8EA8-1532816EEE83}.Debug|Win32.ActiveCfg = Debug|Win32
		{3AA79E0C-D7F0-494A-8EA8-1532816EEE83}.Debug|Win32.Build.0 = Debug|Win32
		{3AA79E0C-D7F0-494A-8EA8-1532816EEE83}.Release|Win32.ActiveCfg = Release|Win32
		{3AA79E0C-D7F0-494A-8EA8-1532816EEE83}.Release|Win32.Build.0 = Release|Win32
		{0DF44D67-6141-4BBA-B292-84A02CE7A398}.Debug|Win32.ActiveCfg = Debug|Win32
		{0DF44D67-6141-4BBA-B292-84A02CE7A398}.Debug|Win32.Build.0 = Debug|Win32
		{0DF44D67-6141-4BBA-B292-84A02CE7A398}.Release|Win32.ActiveCfg = Release|Win32
		{0DF44D67-6141-4BBA-B292-84A02CE7A398}.Release|Win32.Build.0 = Release|Win32
		{02BED69A-6B88-424F-BA0B-4477CA7C3376}.Debug|Win32.ActiveCfg = Debug|Win32
		{02BED69A-6B88-424F-BA0B-4477CA7C3376}.Debug|Win32.Build.0 = Debug|Win32
		{02BED69A-6B88-424F-BA0B-4477CA7C3376}.Release|Win32.ActiveCfg = Release|Win32
		{02BED69A-6B88-424F-BA0B-4477CA7C3376}.Release|Win32.Build.0 = Release|Win32
		{C683404B-6218-43D6-B9AD-E6D14016F66C}.Debug|Win32.ActiveCfg = Debug|Win32
		{C683404B-6218-43D6-B9AD-E6D14016F66C}.Debug|Win32.Build.0 = Debug|Win32
		{C683404B-6218-43D6-B9AD-E6D14016F66C}.Release|Win32.ActiveCfg = Release|Win32
		{C683404B-6218-43D6-B9AD-E6D14016F66C}.Release|Win32.Build.0 = Release|Win32
	EndGlobalSection
	GlobalSection(SolutionProperties) = preSolution
		HideSolutionNode = FALSE
	EndGlobalSection
	GlobalSection(NestedProjects) = preSolution
		{B03D2A93-90C0-4FD7-9E41-D72CC990FA3B} = {5B5C77DA-341A-4603-AB56-548C3DE8C4A2}
		{205CE71C-FAA1-4310-89F5-F29A9B023433} = {5B5C77DA-341A-4603-AB56-548C3DE8C4A2}
		{02BED69A-6B88-424F-BA0B-4477CA7C3376} = {5B5C77DA-341A-4603-AB56-548C3DE8C4A2}
		{8CEB65BD-4B67-416C-9DDE-03F395CC522F} = {5B5C77DA-341A-4603-AB56-548C3DE8C4A2}
		{C683404B-6218-43D6-B9AD-E6D14016F66C} = {5B5C77DA-341A-4603-AB56-548C3DE8C4A2}
	EndGlobalSection
EndGlobal
