<?xml version="1.0" encoding="utf-8"?>
<Project ToolsVersion="4.0" xmlns="http://schemas.microsoft.com/developer/msbuild/2003">
  <ItemGroup>
    <Filter Include="Source Files">
      <UniqueIdentifier>{d4983d20-02bc-4672-8480-96d1b76de1c3}</UniqueIdentifier>
      <Extensions>cpp;c;cxx;rc;def;r;odl;idl;hpj;bat</Extensions>
    </Filter>
    <Filter Include="Header Files">
      <UniqueIdentifier>{56e7f788-8c43-4fdd-a223-c48a453abb66}</UniqueIdentifier>
      <Extensions>h;hpp;hxx;hm;inl</Extensions>
    </Filter>
  </ItemGroup>
  <ItemGroup>
    <ClCompile Include="src\about.c">
      <Filter>Source Files</Filter>
    </ClCompile>
    <ClCompile Include="src\channelmappingview.c">
      <Filter>Source Files</Filter>
    </ClCompile>
    <ClCompile Include="src\clipbox.c">
      <Filter>Source Files</Filter>
    </ClCompile>
    <ClCompile Include="src\cmdproperties.c">
      <Filter>Source Files</Filter>
    </ClCompile>
    <ClCompile Include="src\command.c">
      <Filter>Source Files</Filter>
    </ClCompile>
    <ClCompile Include="src\config.c">
      <Filter>Source Files</Filter>
    </ClCompile>
    <ClCompile Include="src\cpuview.c">
      <Filter>Source Files</Filter>
    </ClCompile>
    <ClCompile Include="src\envelopeview.c">
      <Filter>Source Files</Filter>
    </ClCompile>
    <ClCompile Include="src\file.c">
      <Filter>Source Files</Filter>
    </ClCompile>
    <ClCompile Include="src\filebar.c">
      <Filter>Source Files</Filter>
    </ClCompile>
    <ClCompile Include="src\gear.c">
      <Filter>Source Files</Filter>
    </ClCompile>
    <ClCompile Include="src\greet.c">
      <Filter>Source Files</Filter>
    </ClCompile>
    <ClCompile Include="src\help.c">
      <Filter>Source Files</Filter>
    </ClCompile>
    <ClCompile Include="src\helpview.c">
      <Filter>Source Files</Filter>
    </ClCompile>
    <ClCompile Include="src\inputdefiner.c">
      <Filter>Source Files</Filter>
    </ClCompile>
    <ClCompile Include="src\instnotemapview.c">
      <Filter>Source Files</Filter>
    </ClCompile>
    <ClCompile Include="src\instrumentsbox.c">
      <Filter>Source Files</Filter>
    </ClCompile>
    <ClCompile Include="src\instrumentview.c">
      <Filter>Source Files</Filter>
    </ClCompile>
    <ClCompile Include="src\interpolatecurveview.c">
      <Filter>Source Files</Filter>
    </ClCompile>
    <ClCompile Include="src\labelpair.c">
      <Filter>Source Files</Filter>
    </ClCompile>
    <ClCompile Include="src\linesperbeatbar.c">
      <Filter>Source Files</Filter>
    </ClCompile>
    <ClCompile Include="src\machinebar.c">
      <Filter>Source Files</Filter>
    </ClCompile>
    <ClCompile Include="src\machineframe.c">
      <Filter>Source Files</Filter>
    </ClCompile>
    <ClCompile Include="src\machinesbox.c">
      <Filter>Source Files</Filter>
    </ClCompile>
    <ClCompile Include="src\machineview.c">
      <Filter>Source Files</Filter>
    </ClCompile>
    <ClCompile Include="src\mainframe.c">
      <Filter>Source Files</Filter>
    </ClCompile>
    <ClCompile Include="src\midiview.c">
      <Filter>Source Files</Filter>
    </ClCompile>
    <ClCompile Include="src\navigation.c">
      <Filter>Source Files</Filter>
    </ClCompile>
    <ClCompile Include="src\newmachine.c">
      <Filter>Source Files</Filter>
    </ClCompile>
    <ClCompile Include="src\octavebar.c">
      <Filter>Source Files</Filter>
    </ClCompile>
    <ClCompile Include="src\paramlistbox.c">
      <Filter>Source Files</Filter>
    </ClCompile>
    <ClCompile Include="src\paramview.c">
      <Filter>Source Files</Filter>
    </ClCompile>
    <ClCompile Include="src\patternproperties.c">
      <Filter>Source Files</Filter>
    </ClCompile>
    <ClCompile Include="src\patternview.c">
      <Filter>Source Files</Filter>
    </ClCompile>
    <ClCompile Include="src\pionoroll.c">
      <Filter>Source Files</Filter>
    </ClCompile>
    <ClCompile Include="src\playbar.c">
      <Filter>Source Files</Filter>
    </ClCompile>
    <ClCompile Include="src\playlisteditor.c">
      <Filter>Source Files</Filter>
    </ClCompile>
    <ClCompile Include="src\playposbar.c">
      <Filter>Source Files</Filter>
    </ClCompile>
    <ClCompile Include="src\plugineditor.c">
      <Filter>Source Files</Filter>
    </ClCompile>
    <ClCompile Include="src\psycle.c">
      <Filter>Source Files</Filter>
    </ClCompile>
    <ClCompile Include="src\recentview.c">
      <Filter>Source Files</Filter>
    </ClCompile>
    <ClCompile Include="src\renderview.c">
      <Filter>Source Files</Filter>
    </ClCompile>
    <ClCompile Include="src\sampleeditor.c">
      <Filter>Source Files</Filter>
    </ClCompile>
    <ClCompile Include="src\samplesbox.c">
      <Filter>Source Files</Filter>
    </ClCompile>
    <ClCompile Include="src\samplesview.c">
      <Filter>Source Files</Filter>
    </ClCompile>
    <ClCompile Include="src\scrollzoom.c">
      <Filter>Source Files</Filter>
    </ClCompile>
    <ClCompile Include="src\sequenceview.c">
      <Filter>Source Files</Filter>
    </ClCompile>
    <ClCompile Include="src\settingsview.c">
      <Filter>Source Files</Filter>
    </ClCompile>
    <ClCompile Include="src\skincoord.c">
      <Filter>Source Files</Filter>
    </ClCompile>
    <ClCompile Include="src\skingraphics.c">
      <Filter>Source Files</Filter>
    </ClCompile>
    <ClCompile Include="src\skinio.c">
      <Filter>Source Files</Filter>
    </ClCompile>
    <ClCompile Include="src\songbar.c">
      <Filter>Source Files</Filter>
    </ClCompile>
    <ClCompile Include="src\songproperties.c">
      <Filter>Source Files</Filter>
    </ClCompile>
    <ClCompile Include="src\songtrackbar.c">
      <Filter>Source Files</Filter>
    </ClCompile>
    <ClCompile Include="src\stepbox.c">
      <Filter>Source Files</Filter>
    </ClCompile>
    <ClCompile Include="src\stepsequencerview.c">
      <Filter>Source Files</Filter>
    </ClCompile>
    <ClCompile Include="src\tabbar.c">
      <Filter>Source Files</Filter>
    </ClCompile>
    <ClCompile Include="src\timebar.c">
      <Filter>Source Files</Filter>
    </ClCompile>
    <ClCompile Include="src\trackerview.c">
      <Filter>Source Files</Filter>
    </ClCompile>
    <ClCompile Include="src\trackscopeview.c">
      <Filter>Source Files</Filter>
    </ClCompile>
    <ClCompile Include="src\undoredo.c">
      <Filter>Source Files</Filter>
    </ClCompile>
    <ClCompile Include="src\undoredobar.c">
      <Filter>Source Files</Filter>
    </ClCompile>
    <ClCompile Include="src\volslider.c">
      <Filter>Source Files</Filter>
    </ClCompile>
    <ClCompile Include="src\vubar.c">
      <Filter>Source Files</Filter>
    </ClCompile>
    <ClCompile Include="src\vumeter.c">
      <Filter>Source Files</Filter>
    </ClCompile>
    <ClCompile Include="src\vuscope.c">
      <Filter>Source Files</Filter>
    </ClCompile>
    <ClCompile Include="src\wavebox.c">
      <Filter>Source Files</Filter>
    </ClCompile>
    <ClCompile Include="src\wireview.c">
      <Filter>Source Files</Filter>
    </ClCompile>
    <ClCompile Include="src\workspace.c">
      <Filter>Source Files</Filter>
    </ClCompile>
    <ClCompile Include="src\zoombox.c">
      <Filter>Source Files</Filter>
    </ClCompile>
    <ClCompile Include="src\oscilloscope.c">
      <Filter>Source Files</Filter>
    </ClCompile>
    <ClCompile Include="src\spectrumanalyzer.c">
      <Filter>Source Files</Filter>
    </ClCompile>
    <ClCompile Include="src\stereophase.c">
      <Filter>Source Files</Filter>
    </ClCompile>
    <ClCompile Include="src\kbdbox.c">
      <Filter>Source Files</Filter>
    </ClCompile>
    <ClCompile Include="src\kbdhelp.c">
      <Filter>Source Files</Filter>
    </ClCompile>
    <ClCompile Include="src\machineeditorview.c">
      <Filter>Source Files</Filter>
    </ClCompile>
    <ClCompile Include="src\checkunsaved.c">
      <Filter>Source Files</Filter>
    </ClCompile>
  </ItemGroup>
  <ItemGroup>
    <ResourceCompile Include="src\resources\resource.rc">
      <Filter>Source Files</Filter>
    </ResourceCompile>
  </ItemGroup>
  <ItemGroup>
    <ClInclude Include="src\about.h">
      <Filter>Header Files</Filter>
    </ClInclude>
    <ClInclude Include="src\channelmappingview.h">
      <Filter>Header Files</Filter>
    </ClInclude>
    <ClInclude Include="src\clipbox.h">
      <Filter>Header Files</Filter>
    </ClInclude>
    <ClInclude Include="src\cmdproperties.h">
      <Filter>Header Files</Filter>
    </ClInclude>
    <ClInclude Include="src\cmdsgeneral.h">
      <Filter>Header Files</Filter>
    </ClInclude>
    <ClInclude Include="src\cmdsnotes.h">
      <Filter>Header Files</Filter>
    </ClInclude>
    <ClInclude Include="src\command.h">
      <Filter>Header Files</Filter>
    </ClInclude>
    <ClInclude Include="src\config.h">
      <Filter>Header Files</Filter>
    </ClInclude>
    <ClInclude Include="src\cpuview.h">
      <Filter>Header Files</Filter>
    </ClInclude>
    <ClInclude Include="src\envelopeview.h">
      <Filter>Header Files</Filter>
    </ClInclude>
    <ClInclude Include="src\file.h">
      <Filter>Header Files</Filter>
    </ClInclude>
    <ClInclude Include="src\filebar.h">
      <Filter>Header Files</Filter>
    </ClInclude>
    <ClInclude Include="src\gear.h">
      <Filter>Header Files</Filter>
    </ClInclude>
    <ClInclude Include="src\greet.h">
      <Filter>Header Files</Filter>
    </ClInclude>
    <ClInclude Include="src\help.h">
      <Filter>Header Files</Filter>
    </ClInclude>
    <ClInclude Include="src\helpview.h">
      <Filter>Header Files</Filter>
    </ClInclude>
    <ClInclude Include="src\inputdefiner.h">
      <Filter>Header Files</Filter>
    </ClInclude>
    <ClInclude Include="src\instnotemapview.h">
      <Filter>Header Files</Filter>
    </ClInclude>
    <ClInclude Include="src\instrumentsbox.h">
      <Filter>Header Files</Filter>
    </ClInclude>
    <ClInclude Include="src\instrumentview.h">
      <Filter>Header Files</Filter>
    </ClInclude>
    <ClInclude Include="src\interpolatecurveview.h">
      <Filter>Header Files</Filter>
    </ClInclude>
    <ClInclude Include="src\labelpair.h">
      <Filter>Header Files</Filter>
    </ClInclude>
    <ClInclude Include="src\linesperbeatbar.h">
      <Filter>Header Files</Filter>
    </ClInclude>
    <ClInclude Include="src\machinebar.h">
      <Filter>Header Files</Filter>
    </ClInclude>
    <ClInclude Include="src\machineframe.h">
      <Filter>Header Files</Filter>
    </ClInclude>
    <ClInclude Include="src\machinesbox.h">
      <Filter>Header Files</Filter>
    </ClInclude>
    <ClInclude Include="src\machineview.h">
      <Filter>Header Files</Filter>
    </ClInclude>
    <ClInclude Include="src\mainframe.h">
      <Filter>Header Files</Filter>
    </ClInclude>
    <ClInclude Include="src\midiview.h">
      <Filter>Header Files</Filter>
    </ClInclude>
    <ClInclude Include="src\navigation.h">
      <Filter>Header Files</Filter>
    </ClInclude>
    <ClInclude Include="src\newmachine.h">
      <Filter>Header Files</Filter>
    </ClInclude>
    <ClInclude Include="src\octavebar.h">
      <Filter>Header Files</Filter>
    </ClInclude>
    <ClInclude Include="src\paramlistbox.h">
      <Filter>Header Files</Filter>
    </ClInclude>
    <ClInclude Include="src\paramview.h">
      <Filter>Header Files</Filter>
    </ClInclude>
    <ClInclude Include="src\patternproperties.h">
      <Filter>Header Files</Filter>
    </ClInclude>
    <ClInclude Include="src\patternview.h">
      <Filter>Header Files</Filter>
    </ClInclude>
    <ClInclude Include="src\pianoroll.h">
      <Filter>Header Files</Filter>
    </ClInclude>
    <ClInclude Include="src\playbar.h">
      <Filter>Header Files</Filter>
    </ClInclude>
    <ClInclude Include="src\playlisteditor.h">
      <Filter>Header Files</Filter>
    </ClInclude>
    <ClInclude Include="src\playposbar.h">
      <Filter>Header Files</Filter>
    </ClInclude>
    <ClInclude Include="src\plugineditor.h">
      <Filter>Header Files</Filter>
    </ClInclude>
    <ClInclude Include="src\recentview.h">
      <Filter>Header Files</Filter>
    </ClInclude>
    <ClInclude Include="src\renderview.h">
      <Filter>Header Files</Filter>
    </ClInclude>
    <ClInclude Include="src\resources\resource.h">
      <Filter>Header Files</Filter>
    </ClInclude>
    <ClInclude Include="src\sampleeditor.h">
      <Filter>Header Files</Filter>
    </ClInclude>
    <ClInclude Include="src\samplesbox.h">
      <Filter>Header Files</Filter>
    </ClInclude>
    <ClInclude Include="src\samplesview.h">
      <Filter>Header Files</Filter>
    </ClInclude>
    <ClInclude Include="src\scrollzoom.h">
      <Filter>Header Files</Filter>
    </ClInclude>
    <ClInclude Include="src\sequenceview.h">
      <Filter>Header Files</Filter>
    </ClInclude>
    <ClInclude Include="src\settingsview.h">
      <Filter>Header Files</Filter>
    </ClInclude>
    <ClInclude Include="src\skincoord.h">
      <Filter>Header Files</Filter>
    </ClInclude>
    <ClInclude Include="src\skingraphics.h">
      <Filter>Header Files</Filter>
    </ClInclude>
    <ClInclude Include="src\skinio.h">
      <Filter>Header Files</Filter>
    </ClInclude>
    <ClInclude Include="src\songbar.h">
      <Filter>Header Files</Filter>
    </ClInclude>
    <ClInclude Include="src\songproperties.h">
      <Filter>Header Files</Filter>
    </ClInclude>
    <ClInclude Include="src\songtrackbar.h">
      <Filter>Header Files</Filter>
    </ClInclude>
    <ClInclude Include="src\stepbox.h">
      <Filter>Header Files</Filter>
    </ClInclude>
    <ClInclude Include="src\stepsequencerview.h">
      <Filter>Header Files</Filter>
    </ClInclude>
    <ClInclude Include="src\tabbar.h">
      <Filter>Header Files</Filter>
    </ClInclude>
    <ClInclude Include="src\timebar.h">
      <Filter>Header Files</Filter>
    </ClInclude>
    <ClInclude Include="src\trackerview.h">
      <Filter>Header Files</Filter>
    </ClInclude>
    <ClInclude Include="src\trackscopeview.h">
      <Filter>Header Files</Filter>
    </ClInclude>
    <ClInclude Include="src\undoredo.h">
      <Filter>Header Files</Filter>
    </ClInclude>
    <ClInclude Include="src\undoredobar.h">
      <Filter>Header Files</Filter>
    </ClInclude>
    <ClInclude Include="src\volslider.h">
      <Filter>Header Files</Filter>
    </ClInclude>
    <ClInclude Include="src\vubar.h">
      <Filter>Header Files</Filter>
    </ClInclude>
    <ClInclude Include="src\vumeter.h">
      <Filter>Header Files</Filter>
    </ClInclude>
    <ClInclude Include="src\vuscope.h">
      <Filter>Header Files</Filter>
    </ClInclude>
    <ClInclude Include="src\wavebox.h">
      <Filter>Header Files</Filter>
    </ClInclude>
    <ClInclude Include="src\wireview.h">
      <Filter>Header Files</Filter>
    </ClInclude>
    <ClInclude Include="src\workspace.h">
      <Filter>Header Files</Filter>
    </ClInclude>
    <ClInclude Include="src\zoombox.h">
      <Filter>Header Files</Filter>
    </ClInclude>
    <ClInclude Include="src\oscilloscope.h">
      <Filter>Header Files</Filter>
    </ClInclude>
    <ClInclude Include="src\spectrumanalyzer.h">
      <Filter>Header Files</Filter>
    </ClInclude>
    <ClInclude Include="src\stereophase.h">
      <Filter>Header Files</Filter>
    </ClInclude>
    <ClInclude Include="src\kbdbox.h">
      <Filter>Header Files</Filter>
    </ClInclude>
    <ClInclude Include="src\kbdhelp.h">
      <Filter>Header Files</Filter>
    </ClInclude>
    <ClInclude Include="src\machineeditorview.h">
      <Filter>Header Files</Filter>
    </ClInclude>
    <ClInclude Include="src\checkunsaved.h">
      <Filter>Header Files</Filter>
    </ClInclude>
  </ItemGroup>
  <ItemGroup>
    <Image Include="src\resources\icon1.ico" />
    <Image Include="src\resources\machine_skin.bmp" />
    <Image Include="src\resources\macparam.ico" />
    <Image Include="src\resources\mixer_skin.bmp" />
    <Image Include="src\resources\pattern_header_skin.bmp" />
    <Image Include="src\resources\Project3.ico" />
    <Image Include="src\resources\splash_screen.bmp" />
    <Image Include="src\resources\TbMainKnob.bmp" />
  </ItemGroup>
</Project>