<?xml version="1.0" encoding="utf-8"?>
<Project ToolsVersion="4.0" xmlns="http://schemas.microsoft.com/developer/msbuild/2003">
  <ItemGroup>
    <Filter Include="Source Files">
      <UniqueIdentifier>{c86cd1ab-1586-4851-83c7-7ae412e6e24c}</UniqueIdentifier>
      <Extensions>cpp;c;cxx;rc;def;r;odl;idl;hpj;bat</Extensions>
    </Filter>
    <Filter Include="imps">
      <UniqueIdentifier>{4dedb712-3ffe-4a6b-b81a-5837cd16ff5b}</UniqueIdentifier>
    </Filter>
    <Filter Include="imps\win32">
      <UniqueIdentifier>{e0e669fd-2fd7-4711-8664-695d8261b780}</UniqueIdentifier>
    </Filter>
    <Filter Include="comps">
      <UniqueIdentifier>{5713747d-7657-4e70-a30a-c189d855f15d}</UniqueIdentifier>
    </Filter>
    <Filter Include="dialogs">
      <UniqueIdentifier>{37fc5767-a9af-41c1-b939-821f80b8766e}</UniqueIdentifier>
    </Filter>
    <Filter Include="configuration">
      <UniqueIdentifier>{736250c9-7c60-42de-a302-1f8509f11a19}</UniqueIdentifier>
    </Filter>
    <Filter Include="graphics">
      <UniqueIdentifier>{019df39e-66c8-451d-b06d-db0a1a7d5d88}</UniqueIdentifier>
    </Filter>
    <Filter Include="common">
      <UniqueIdentifier>{ccaf32a1-7751-4ad3-b15d-15e2f1c5d979}</UniqueIdentifier>
    </Filter>
    <Filter Include="aligner">
      <UniqueIdentifier>{a102b3ac-7317-418f-9243-580490031b94}</UniqueIdentifier>
    </Filter>
    <Filter Include="imps\natives">
      <UniqueIdentifier>{d3bf2daf-f870-47fb-8123-cdbe0c609149}</UniqueIdentifier>
    </Filter>
    <Filter Include="imps\win32\graphics">
      <UniqueIdentifier>{a199075b-4b54-43b9-a309-fa3506b5a3f5}</UniqueIdentifier>
    </Filter>
    <Filter Include="imps\win32\comps">
      <UniqueIdentifier>{cfc53821-2132-4567-9aa9-81e1c00f46af}</UniqueIdentifier>
    </Filter>
    <Filter Include="imps\win32\dialogs">
      <UniqueIdentifier>{63835a57-9f38-4b78-931e-271f399c8ab3}</UniqueIdentifier>
    </Filter>
    <Filter Include="imps\win32\common">
      <UniqueIdentifier>{f178195e-1039-4153-b810-6d0e6e5430c1}</UniqueIdentifier>
    </Filter>
    <Filter Include="imps\x11">
      <UniqueIdentifier>{f2ae487f-907c-4a70-993d-5a629735e40c}</UniqueIdentifier>
    </Filter>
    <Filter Include="imps\x11\common">
      <UniqueIdentifier>{61a024ee-6e08-45e3-b1a0-5e003425b439}</UniqueIdentifier>
    </Filter>
    <Filter Include="imps\x11\comps">
      <UniqueIdentifier>{dff34753-cfe6-4eb2-90fb-e232502567a6}</UniqueIdentifier>
    </Filter>
    <Filter Include="imps\x11\dialogs">
      <UniqueIdentifier>{aaaf2ef2-3c93-494e-8596-98f4d49cc932}</UniqueIdentifier>
    </Filter>
    <Filter Include="imps\x11\graphics">
      <UniqueIdentifier>{e2886743-3e29-41b0-9235-fb931b4cb99b}</UniqueIdentifier>
    </Filter>
    <Filter Include="imps\natives\comps">
      <UniqueIdentifier>{75e9abb2-6a85-4ebb-98d5-37f82431c6ed}</UniqueIdentifier>
    </Filter>
  </ItemGroup>
  <ItemGroup>
    <ClCompile Include="src\uibutton.c">
      <Filter>comps</Filter>
    </ClCompile>
    <ClCompile Include="src\uicolordialog.c">
      <Filter>dialogs</Filter>
    </ClCompile>
    <ClCompile Include="src\uicheckbox.c">
      <Filter>comps</Filter>
    </ClCompile>
    <ClCompile Include="src\uicombobox.c">
      <Filter>comps</Filter>
    </ClCompile>
    <ClCompile Include="src\uicomponent.c">
      <Filter>comps</Filter>
    </ClCompile>
    <ClCompile Include="src\uifolderdialog.c">
      <Filter>dialogs</Filter>
    </ClCompile>
    <ClCompile Include="src\uifontdialog.c">
      <Filter>dialogs</Filter>
    </ClCompile>
    <ClCompile Include="src\uilistbox.c">
      <Filter>comps</Filter>
    </ClCompile>
    <ClCompile Include="src\uilabel.c">
      <Filter>comps</Filter>
    </ClCompile>
    <ClCompile Include="src\uiscrollbar.c">
      <Filter>comps</Filter>
    </ClCompile>
    <ClCompile Include="src\uiprogressbar.c">
      <Filter>comps</Filter>
    </ClCompile>
    <ClCompile Include="src\uisavedialog.c">
      <Filter>dialogs</Filter>
    </ClCompile>
    <ClCompile Include="src\uiopendialog.c">
      <Filter>dialogs</Filter>
    </ClCompile>
    <ClCompile Include="src\uislider.c">
      <Filter>comps</Filter>
    </ClCompile>
    <ClCompile Include="src\uiscroller.c">
      <Filter>comps</Filter>
    </ClCompile>
    <ClCompile Include="src\uinotebook.c">
      <Filter>comps</Filter>
    </ClCompile>
    <ClCompile Include="src\uiswitch.c">
      <Filter>comps</Filter>
    </ClCompile>
    <ClCompile Include="src\uiterminal.c">
      <Filter>comps</Filter>
    </ClCompile>
    <ClCompile Include="src\uisplitbar.c">
      <Filter>comps</Filter>
    </ClCompile>
    <ClCompile Include="src\uieditor.c">
      <Filter>comps</Filter>
    </ClCompile>
    <ClCompile Include="src\uiimage.c">
      <Filter>comps</Filter>
    </ClCompile>
    <ClCompile Include="src\uiframe.c">
      <Filter>comps</Filter>
    </ClCompile>
    <ClCompile Include="src\uiedit.c">
      <Filter>comps</Filter>
    </ClCompile>
    <ClCompile Include="src\uidefaults.c">
      <Filter>configuration</Filter>
    </ClCompile>
    <ClCompile Include="src\uibitmap.c">
      <Filter>graphics</Filter>
    </ClCompile>
    <ClCompile Include="src\uigraphics.c">
      <Filter>graphics</Filter>
    </ClCompile>
    <ClCompile Include="src\uiimpfactory.c">
      <Filter>configuration</Filter>
    </ClCompile>
    <ClCompile Include="src\uievents.c">
      <Filter>common</Filter>
    </ClCompile>
    <ClCompile Include="src\uidef.c">
      <Filter>common</Filter>
    </ClCompile>
    <ClCompile Include="src\uifont.c">
      <Filter>common</Filter>
    </ClCompile>
    <ClCompile Include="src\uistyle.c">
      <Filter>common</Filter>
    </ClCompile>
    <ClCompile Include="src\uiicondraw.c">
      <Filter>comps</Filter>
    </ClCompile>
    <ClCompile Include="src\uicolour.c">
      <Filter>common</Filter>
    </ClCompile>
    <ClCompile Include="src\uiborder.c">
      <Filter>common</Filter>
    </ClCompile>
    <ClCompile Include="src\uivalue.c">
      <Filter>common</Filter>
    </ClCompile>
    <ClCompile Include="src\uigeometry.c">
      <Filter>common</Filter>
    </ClCompile>
    <ClCompile Include="src\uiviewcomponentimp.c">
      <Filter>comps</Filter>
    </ClCompile>
    <ClCompile Include="src\uicomponentstyle.c">
      <Filter>comps</Filter>
    </ClCompile>
    <ClCompile Include="src\uitabbar.c">
      <Filter>comps</Filter>
    </ClCompile>
    <ClCompile Include="src\uicomponentscroll.c">
      <Filter>comps</Filter>
    </ClCompile>
    <ClCompile Include="src\uicomponentsizehints.c">
      <Filter>comps</Filter>
    </ClCompile>
    <ClCompile Include="src\uialigner.c">
      <Filter>aligner</Filter>
    </ClCompile>
    <ClCompile Include="src\uilclaligner.c">
      <Filter>aligner</Filter>
    </ClCompile>
    <ClCompile Include="src\uigridaligner.c">
      <Filter>aligner</Filter>
    </ClCompile>
    <ClCompile Include="src\uiappstyles.c">
      <Filter>configuration</Filter>
    </ClCompile>
    <ClCompile Include="src\uimaterial.c">
      <Filter>common</Filter>
    </ClCompile>
    <ClCompile Include="src\imps\win32\uiwinbitmapimp.c">
      <Filter>imps\win32\graphics</Filter>
    </ClCompile>
    <ClCompile Include="src\imps\win32\uiwincheckboximp.c">
      <Filter>imps\win32\comps</Filter>
    </ClCompile>
    <ClCompile Include="src\imps\win32\uiwincolordialogimp.c">
      <Filter>imps\win32\dialogs</Filter>
    </ClCompile>
    <ClCompile Include="src\imps\win32\uiwincomponentimp.c">
      <Filter>imps\win32\comps</Filter>
    </ClCompile>
    <ClCompile Include="src\imps\win32\uiwineditimp.c">
      <Filter>imps\win32\comps</Filter>
    </ClCompile>
    <ClCompile Include="src\imps\win32\uiwinfolderdialogimp.c">
      <Filter>imps\win32\dialogs</Filter>
    </ClCompile>
    <ClCompile Include="src\imps\win32\uiwinapp.c">
      <Filter>imps\win32\common</Filter>
    </ClCompile>
    <ClCompile Include="src\imps\win32\uiwinfontimp.c">
      <Filter>imps\win32\common</Filter>
    </ClCompile>
    <ClCompile Include="src\imps\win32\uiwinfontdialogimp.c">
      <Filter>imps\win32\dialogs</Filter>
    </ClCompile>
    <ClCompile Include="src\imps\win32\uiwingraphicsimp.c">
      <Filter>imps\win32\graphics</Filter>
    </ClCompile>
    <ClCompile Include="src\imps\win32\uiwinimpfactory.c">
      <Filter>imps\win32\common</Filter>
    </ClCompile>
    <ClCompile Include="src\imps\win32\uiwinlistboximp.c">
      <Filter>imps\win32\comps</Filter>
    </ClCompile>
    <ClCompile Include="src\imps\win32\uiwinsavedialogimp.c">
      <Filter>imps\win32\dialogs</Filter>
    </ClCompile>
    <ClCompile Include="src\imps\win32\uiwinopendialogimp.c">
      <Filter>imps\win32\dialogs</Filter>
    </ClCompile>
    <ClCompile Include="src\timers.c">
      <Filter>common</Filter>
    </ClCompile>
    <ClCompile Include="src\uidropdownbox.c">
      <Filter>comps</Filter>
    </ClCompile>
    <ClCompile Include="src\uiwintheme.c">
      <Filter>common</Filter>
    </ClCompile>
    <ClCompile Include="src\imps\x11\uix11colordialogimp.c">
      <Filter>imps\x11\dialogs</Filter>
    </ClCompile>
    <ClCompile Include="src\imps\x11\uix11bitmapimp.c">
      <Filter>imps\x11\graphics</Filter>
    </ClCompile>
    <ClCompile Include="src\imps\x11\uix11app.c">
      <Filter>imps\x11\common</Filter>
    </ClCompile>
    <ClCompile Include="src\imps\x11\uix11colours.c">
      <Filter>imps\x11\common</Filter>
    </ClCompile>
    <ClCompile Include="src\imps\x11\uix11folderdialogimp.c">
      <Filter>imps\x11\dialogs</Filter>
    </ClCompile>
    <ClCompile Include="src\imps\x11\uix11fontdialogimp.c">
      <Filter>imps\x11\dialogs</Filter>
    </ClCompile>
    <ClCompile Include="src\imps\x11\uix11impfactory.c">
      <Filter>imps\x11\common</Filter>
    </ClCompile>
    <ClCompile Include="src\imps\x11\uix11graphicsimp.c">
      <Filter>imps\x11\graphics</Filter>
    </ClCompile>
    <ClCompile Include="src\imps\x11\uix11opendialogimp.c">
      <Filter>imps\x11\dialogs</Filter>
    </ClCompile>
    <ClCompile Include="src\imps\x11\uix11savedialogimp.c">
      <Filter>imps\x11\dialogs</Filter>
    </ClCompile>
    <ClCompile Include="src\imps\x11\uix11componentimp.c">
      <Filter>imps\x11\comps</Filter>
    </ClCompile>
    <ClCompile Include="src\imps\x11\uix11keyboardevent.c">
      <Filter>imps\x11\common</Filter>
    </ClCompile>
    <ClCompile Include="src\imps\x11\uix11fontimp.c">
      <Filter>imps\x11\common</Filter>
    </ClCompile>
    <ClCompile Include="src\imps\natives\uinativecheckboximp.c">
      <Filter>imps\natives\comps</Filter>
    </ClCompile>
    <ClCompile Include="src\imps\natives\uinativeeditimp.c">
      <Filter>imps\natives\comps</Filter>
    </ClCompile>
    <ClCompile Include="src\imps\natives\uinativelistboximp.c">
      <Filter>imps\natives\comps</Filter>
    </ClCompile>
    <ClCompile Include="src\uibmpreader.c">
      <Filter>graphics</Filter>
    </ClCompile>
    <ClCompile Include="src\uieventdispatch.c">
      <Filter>common</Filter>
    </ClCompile>
    <ClCompile Include="src\uiapp.c">
      <Filter>common</Filter>
    </ClCompile>
    <ClCompile Include="src\uistyles.c">
      <Filter>common</Filter>
    </ClCompile>
  </ItemGroup>
  <ItemGroup>
    <ClInclude Include="src\uibutton.h">
      <Filter>comps</Filter>
    </ClInclude>
    <ClInclude Include="src\uieditor.h">
      <Filter>comps</Filter>
    </ClInclude>
    <ClInclude Include="src\uicolordialog.h">
      <Filter>dialogs</Filter>
    </ClInclude>
    <ClInclude Include="src\uicombobox.h">
      <Filter>comps</Filter>
    </ClInclude>
    <ClInclude Include="src\uicomponent.h">
      <Filter>comps</Filter>
    </ClInclude>
    <ClInclude Include="src\uicheckbox.h">
      <Filter>comps</Filter>
    </ClInclude>
    <ClInclude Include="src\uifolderdialog.h">
      <Filter>dialogs</Filter>
    </ClInclude>
    <ClInclude Include="src\uifontdialog.h">
      <Filter>dialogs</Filter>
    </ClInclude>
    <ClInclude Include="src\uilistbox.h">
      <Filter>comps</Filter>
    </ClInclude>
    <ClInclude Include="src\uiopendialog.h">
      <Filter>dialogs</Filter>
    </ClInclude>
    <ClInclude Include="src\uiprogressbar.h">
      <Filter>comps</Filter>
    </ClInclude>
    <ClInclude Include="src\uinotebook.h">
      <Filter>comps</Filter>
    </ClInclude>
    <ClInclude Include="src\uiscrollbar.h">
      <Filter>comps</Filter>
    </ClInclude>
    <ClInclude Include="src\uilabel.h">
      <Filter>comps</Filter>
    </ClInclude>
    <ClInclude Include="src\uiscroller.h">
      <Filter>comps</Filter>
    </ClInclude>
    <ClInclude Include="src\uisavedialog.h">
      <Filter>dialogs</Filter>
    </ClInclude>
    <ClInclude Include="src\uislider.h">
      <Filter>comps</Filter>
    </ClInclude>
    <ClInclude Include="src\uisplitbar.h">
      <Filter>comps</Filter>
    </ClInclude>
    <ClInclude Include="src\uiswitch.h">
      <Filter>comps</Filter>
    </ClInclude>
    <ClInclude Include="src\uiterminal.h">
      <Filter>comps</Filter>
    </ClInclude>
    <ClInclude Include="src\uiedit.h">
      <Filter>comps</Filter>
    </ClInclude>
    <ClInclude Include="src\uiframe.h">
      <Filter>comps</Filter>
    </ClInclude>
    <ClInclude Include="src\uidefaults.h">
      <Filter>configuration</Filter>
    </ClInclude>
    <ClInclude Include="src\uibitmap.h">
      <Filter>graphics</Filter>
    </ClInclude>
    <ClInclude Include="src\uigraphics.h">
      <Filter>graphics</Filter>
    </ClInclude>
    <ClInclude Include="src\uiimage.h">
      <Filter>comps</Filter>
    </ClInclude>
    <ClInclude Include="src\uiimpfactory.h">
      <Filter>configuration</Filter>
    </ClInclude>
    <ClInclude Include="src\uievents.h">
      <Filter>common</Filter>
    </ClInclude>
    <ClInclude Include="src\uidef.h">
      <Filter>common</Filter>
    </ClInclude>
    <ClInclude Include="src\uifont.h">
      <Filter>common</Filter>
    </ClInclude>
    <ClInclude Include="src\uistyle.h">
      <Filter>common</Filter>
    </ClInclude>
    <ClInclude Include="src\uiicondraw.h">
      <Filter>comps</Filter>
    </ClInclude>
    <ClInclude Include="src\uicolour.h">
      <Filter>common</Filter>
    </ClInclude>
    <ClInclude Include="src\uiborder.h">
      <Filter>common</Filter>
    </ClInclude>
    <ClInclude Include="src\uivalue.h">
      <Filter>common</Filter>
    </ClInclude>
    <ClInclude Include="src\uigeometry.h">
      <Filter>common</Filter>
    </ClInclude>
    <ClInclude Include="src\uiviewcomponentimp.h">
      <Filter>comps</Filter>
    </ClInclude>
    <ClInclude Include="src\uicomponentstyle.h">
      <Filter>comps</Filter>
    </ClInclude>
    <ClInclude Include="src\uitabbar.h">
      <Filter>comps</Filter>
    </ClInclude>
    <ClInclude Include="src\uicolours.h">
      <Filter>common</Filter>
    </ClInclude>
    <ClInclude Include="src\uicomponentscroll.h">
      <Filter>comps</Filter>
    </ClInclude>
    <ClInclude Include="src\uicomponentsizehints.h">
      <Filter>comps</Filter>
    </ClInclude>
    <ClInclude Include="src\uialigner.h">
      <Filter>aligner</Filter>
    </ClInclude>
    <ClInclude Include="src\uilclaligner.h">
      <Filter>aligner</Filter>
    </ClInclude>
    <ClInclude Include="src\uigridaligner.h">
      <Filter>aligner</Filter>
    </ClInclude>
    <ClInclude Include="src\uiappstyles.h">
      <Filter>configuration</Filter>
    </ClInclude>
    <ClInclude Include="src\uimaterial.h">
      <Filter>common</Filter>
    </ClInclude>
    <ClInclude Include="src\imps\win32\uiwinbitmapimp.h">
      <Filter>imps\win32\graphics</Filter>
    </ClInclude>
    <ClInclude Include="src\imps\win32\uiwincheckboximp.h">
      <Filter>imps\win32\comps</Filter>
    </ClInclude>
    <ClInclude Include="src\imps\win32\uiwincolordialogimp.h">
      <Filter>imps\win32\dialogs</Filter>
    </ClInclude>
    <ClInclude Include="src\imps\win32\uiwincomponentimp.h">
      <Filter>imps\win32\comps</Filter>
    </ClInclude>
    <ClInclude Include="src\imps\win32\uiwineditimp.h">
      <Filter>imps\win32\comps</Filter>
    </ClInclude>
    <ClInclude Include="src\imps\win32\uiwinfolderdialogimp.h">
      <Filter>imps\win32\dialogs</Filter>
    </ClInclude>
    <ClInclude Include="src\imps\win32\uiwinapp.h">
      <Filter>imps\win32\common</Filter>
    </ClInclude>
    <ClInclude Include="src\imps\win32\uiwinfontimp.h">
      <Filter>imps\win32\common</Filter>
    </ClInclude>
    <ClInclude Include="src\imps\win32\uiwinfontdialogimp.h">
      <Filter>imps\win32\dialogs</Filter>
    </ClInclude>
    <ClInclude Include="src\imps\win32\uiwingraphicsimp.h">
      <Filter>imps\win32\graphics</Filter>
    </ClInclude>
    <ClInclude Include="src\imps\win32\uiwinimpfactory.h">
      <Filter>imps\win32\common</Filter>
    </ClInclude>
    <ClInclude Include="src\imps\win32\uiwinlistboximp.h">
      <Filter>imps\win32\comps</Filter>
    </ClInclude>
    <ClInclude Include="src\imps\win32\uiwinsavedialogimp.h">
      <Filter>imps\win32\dialogs</Filter>
    </ClInclude>
    <ClInclude Include="src\imps\win32\uiwinopendialogimp.h">
      <Filter>imps\win32\dialogs</Filter>
    </ClInclude>
    <ClInclude Include="src\timers.h">
      <Filter>common</Filter>
    </ClInclude>
    <ClInclude Include="src\uidropdownbox.h">
      <Filter>comps</Filter>
    </ClInclude>
    <ClInclude Include="src\uiwintheme.h">
      <Filter>common</Filter>
    </ClInclude>
    <ClInclude Include="src\imps\x11\uix11colordialogimp.h">
      <Filter>imps\x11\dialogs</Filter>
    </ClInclude>
    <ClInclude Include="src\imps\x11\uix11bitmapimp.h">
      <Filter>imps\x11\graphics</Filter>
    </ClInclude>
    <ClInclude Include="src\imps\x11\uix11app.h">
      <Filter>imps\x11\common</Filter>
    </ClInclude>
    <ClInclude Include="src\imps\x11\uix11colours.h">
      <Filter>imps\x11\common</Filter>
    </ClInclude>
    <ClInclude Include="src\imps\x11\uix11folderdialogimp.h">
      <Filter>imps\x11\dialogs</Filter>
    </ClInclude>
    <ClInclude Include="src\imps\x11\uix11fontdialogimp.h">
      <Filter>imps\x11\dialogs</Filter>
    </ClInclude>
    <ClInclude Include="src\imps\x11\uix11impfactory.h">
      <Filter>imps\x11\common</Filter>
    </ClInclude>
    <ClInclude Include="src\imps\x11\uix11graphicsimp.h">
      <Filter>imps\x11\graphics</Filter>
    </ClInclude>
    <ClInclude Include="src\imps\x11\uix11opendialogimp.h">
      <Filter>imps\x11\dialogs</Filter>
    </ClInclude>
    <ClInclude Include="src\imps\x11\uix11savedialogimp.h">
      <Filter>imps\x11\dialogs</Filter>
    </ClInclude>
    <ClInclude Include="src\imps\x11\uix11componentimp.h">
      <Filter>imps\x11\comps</Filter>
    </ClInclude>
    <ClInclude Include="src\imps\x11\uix11keyboardevent.h">
      <Filter>imps\x11\common</Filter>
    </ClInclude>
    <ClInclude Include="src\imps\x11\uix11fontimp.h">
      <Filter>imps\x11\common</Filter>
    </ClInclude>
    <ClInclude Include="src\imps\natives\uinativecheckboximp.h">
      <Filter>imps\natives\comps</Filter>
    </ClInclude>
    <ClInclude Include="src\imps\natives\uinativeeditimp.h">
      <Filter>imps\natives\comps</Filter>
    </ClInclude>
    <ClInclude Include="src\imps\natives\uinativelistboximp.h">
      <Filter>imps\natives\comps</Filter>
    </ClInclude>
    <ClInclude Include="src\uibmpreader.h">
      <Filter>graphics</Filter>
    </ClInclude>
    <ClInclude Include="src\uieventdispatch.h">
      <Filter>common</Filter>
    </ClInclude>
    <ClInclude Include="src\uiapp.h">
      <Filter>common</Filter>
    </ClInclude>
    <ClInclude Include="src\uistyles.h">
      <Filter>common</Filter>
    </ClInclude>
  </ItemGroup>
</Project>