<?xml version="1.0" encoding="utf-8"?>
<Project ToolsVersion="4.0" xmlns="http://schemas.microsoft.com/developer/msbuild/2003">
  <ItemGroup>
    <Filter Include="Source Files">
      <UniqueIdentifier>{c86cd1ab-1586-4851-83c7-7ae412e6e24c}</UniqueIdentifier>
      <Extensions>cpp;c;cxx;rc;def;r;odl;idl;hpj;bat</Extensions>
    </Filter>
    <Filter Include="imps">
      <UniqueIdentifier>{4dedb712-3ffe-4a6b-b81a-5837cd16ff5b}</UniqueIdentifier>
    </Filter>
    <Filter Include="imps\win32">
      <UniqueIdentifier>{e0e669fd-2fd7-4711-8664-695d8261b780}</UniqueIdentifier>
    </Filter>
    <Filter Include="imps\curses">
      <UniqueIdentifier>{b6b4f55e-d741-4a46-85b5-f52464b889b8}</UniqueIdentifier>
    </Filter>
    <Filter Include="comps">
      <UniqueIdentifier>{5713747d-7657-4e70-a30a-c189d855f15d}</UniqueIdentifier>
    </Filter>
    <Filter Include="dialogs">
      <UniqueIdentifier>{37fc5767-a9af-41c1-b939-821f80b8766e}</UniqueIdentifier>
    </Filter>
    <Filter Include="configuration">
      <UniqueIdentifier>{736250c9-7c60-42de-a302-1f8509f11a19}</UniqueIdentifier>
    </Filter>
    <Filter Include="graphics">
      <UniqueIdentifier>{019df39e-66c8-451d-b06d-db0a1a7d5d88}</UniqueIdentifier>
    </Filter>
    <Filter Include="common">
      <UniqueIdentifier>{ccaf32a1-7751-4ad3-b15d-15e2f1c5d979}</UniqueIdentifier>
    </Filter>
  </ItemGroup>
  <ItemGroup>
    <ClCompile Include="src\uialigner.c">
      <Filter>Source Files</Filter>
    </ClCompile>
    <ClCompile Include="src\uiapp.c">
      <Filter>Source Files</Filter>
    </ClCompile>
    <ClCompile Include="src\imps\win32\uiwinapp.c">
      <Filter>imps\win32</Filter>
    </ClCompile>
    <ClCompile Include="src\imps\win32\uiwinbitmapimp.c">
      <Filter>imps\win32</Filter>
    </ClCompile>
    <ClCompile Include="src\imps\win32\uiwincheckboximp.c">
      <Filter>imps\win32</Filter>
    </ClCompile>
    <ClCompile Include="src\imps\win32\uiwincolordialogimp.c">
      <Filter>imps\win32</Filter>
    </ClCompile>
    <ClCompile Include="src\imps\win32\uiwincomboboximp.c">
      <Filter>imps\win32</Filter>
    </ClCompile>
    <ClCompile Include="src\imps\win32\uiwincomponentimp.c">
      <Filter>imps\win32</Filter>
    </ClCompile>
    <ClCompile Include="src\imps\win32\uiwineditimp.c">
      <Filter>imps\win32</Filter>
    </ClCompile>
    <ClCompile Include="src\imps\win32\uiwinfolderdialogimp.c">
      <Filter>imps\win32</Filter>
    </ClCompile>
    <ClCompile Include="src\imps\win32\uiwinfontdialogimp.c">
      <Filter>imps\win32</Filter>
    </ClCompile>
    <ClCompile Include="src\imps\win32\uiwinfontimp.c">
      <Filter>imps\win32</Filter>
    </ClCompile>
    <ClCompile Include="src\imps\win32\uiwingraphicsimp.c">
      <Filter>imps\win32</Filter>
    </ClCompile>
    <ClCompile Include="src\imps\win32\uiwinimpfactory.c">
      <Filter>imps\win32</Filter>
    </ClCompile>
    <ClCompile Include="src\imps\win32\uiwinlabelimp.c">
      <Filter>imps\win32</Filter>
    </ClCompile>
    <ClCompile Include="src\imps\win32\uiwinlistboximp.c">
      <Filter>imps\win32</Filter>
    </ClCompile>
    <ClCompile Include="src\imps\win32\uiwinopendialogimp.c">
      <Filter>imps\win32</Filter>
    </ClCompile>
    <ClCompile Include="src\imps\win32\uiwinsavedialogimp.c">
      <Filter>imps\win32</Filter>
    </ClCompile>
    <ClCompile Include="src\imps\curses\uicursescomponentimp.c">
      <Filter>imps\curses</Filter>
    </ClCompile>
    <ClCompile Include="src\imps\curses\uicursesdef.c">
      <Filter>imps\curses</Filter>
    </ClCompile>
    <ClCompile Include="src\imps\curses\uicursesgraphicsimp.c">
      <Filter>imps\curses</Filter>
    </ClCompile>
    <ClCompile Include="src\imps\curses\uicursesimpfactory.c">
      <Filter>imps\curses</Filter>
    </ClCompile>
    <ClCompile Include="src\uibutton.c">
      <Filter>comps</Filter>
    </ClCompile>
    <ClCompile Include="src\uicolordialog.c">
      <Filter>dialogs</Filter>
    </ClCompile>
    <ClCompile Include="src\uicheckbox.c">
      <Filter>comps</Filter>
    </ClCompile>
    <ClCompile Include="src\uicombobox.c">
      <Filter>comps</Filter>
    </ClCompile>
    <ClCompile Include="src\uicomponent.c">
      <Filter>comps</Filter>
    </ClCompile>
    <ClCompile Include="src\uifolderdialog.c">
      <Filter>dialogs</Filter>
    </ClCompile>
    <ClCompile Include="src\uifontdialog.c">
      <Filter>dialogs</Filter>
    </ClCompile>
    <ClCompile Include="src\uilistbox.c">
      <Filter>comps</Filter>
    </ClCompile>
    <ClCompile Include="src\uilabel.c">
      <Filter>comps</Filter>
    </ClCompile>
    <ClCompile Include="src\uiknob.c">
      <Filter>comps</Filter>
    </ClCompile>
    <ClCompile Include="src\uiscrollbar.c">
      <Filter>comps</Filter>
    </ClCompile>
    <ClCompile Include="src\uiprogressbar.c">
      <Filter>comps</Filter>
    </ClCompile>
    <ClCompile Include="src\uisavedialog.c">
      <Filter>dialogs</Filter>
    </ClCompile>
    <ClCompile Include="src\uiopendialog.c">
      <Filter>dialogs</Filter>
    </ClCompile>
    <ClCompile Include="src\uislider.c">
      <Filter>comps</Filter>
    </ClCompile>
    <ClCompile Include="src\uiscroller.c">
      <Filter>comps</Filter>
    </ClCompile>
    <ClCompile Include="src\uinotebook.c">
      <Filter>comps</Filter>
    </ClCompile>
    <ClCompile Include="src\uiswitch.c">
      <Filter>comps</Filter>
    </ClCompile>
    <ClCompile Include="src\uiterminal.c">
      <Filter>comps</Filter>
    </ClCompile>
    <ClCompile Include="src\uisplitbar.c">
      <Filter>comps</Filter>
    </ClCompile>
    <ClCompile Include="src\uieditor.c">
      <Filter>comps</Filter>
    </ClCompile>
    <ClCompile Include="src\uiimage.c">
      <Filter>comps</Filter>
    </ClCompile>
    <ClCompile Include="src\uiframe.c">
      <Filter>comps</Filter>
    </ClCompile>
    <ClCompile Include="src\uiedit.c">
      <Filter>comps</Filter>
    </ClCompile>
    <ClCompile Include="src\uidefaults.c">
      <Filter>configuration</Filter>
    </ClCompile>
    <ClCompile Include="src\uibitmap.c">
      <Filter>graphics</Filter>
    </ClCompile>
    <ClCompile Include="src\uigraphics.c">
      <Filter>graphics</Filter>
    </ClCompile>
    <ClCompile Include="src\uiimpfactory.c">
      <Filter>configuration</Filter>
    </ClCompile>
    <ClCompile Include="src\uievents.c">
      <Filter>common</Filter>
    </ClCompile>
    <ClCompile Include="src\uidef.c">
      <Filter>common</Filter>
    </ClCompile>
    <ClCompile Include="src\uifont.c">
      <Filter>common</Filter>
    </ClCompile>
    <ClCompile Include="src\uistyle.c">
      <Filter>common</Filter>
    </ClCompile>
  </ItemGroup>
  <ItemGroup>
    <ClInclude Include="src\imps\win32\uiwinapp.h">
      <Filter>imps\win32</Filter>
    </ClInclude>
    <ClInclude Include="src\imps\win32\uiwinbitmapimp.h">
      <Filter>imps\win32</Filter>
    </ClInclude>
    <ClInclude Include="src\imps\win32\uiwincheckboximp.h">
      <Filter>imps\win32</Filter>
    </ClInclude>
    <ClInclude Include="src\imps\win32\uiwincolordialogimp.h">
      <Filter>imps\win32</Filter>
    </ClInclude>
    <ClInclude Include="src\imps\win32\uiwincomboboximp.h">
      <Filter>imps\win32</Filter>
    </ClInclude>
    <ClInclude Include="src\imps\win32\uiwincomponentimp.h">
      <Filter>imps\win32</Filter>
    </ClInclude>
    <ClInclude Include="src\imps\win32\uiwineditimp.h">
      <Filter>imps\win32</Filter>
    </ClInclude>
    <ClInclude Include="src\imps\win32\uiwinfolderdialogimp.h">
      <Filter>imps\win32</Filter>
    </ClInclude>
    <ClInclude Include="src\imps\win32\uiwinfontdialogimp.h">
      <Filter>imps\win32</Filter>
    </ClInclude>
    <ClInclude Include="src\imps\win32\uiwinfontimp.h">
      <Filter>imps\win32</Filter>
    </ClInclude>
    <ClInclude Include="src\imps\win32\uiwingraphicsimp.h">
      <Filter>imps\win32</Filter>
    </ClInclude>
    <ClInclude Include="src\imps\win32\uiwinimpfactory.h">
      <Filter>imps\win32</Filter>
    </ClInclude>
    <ClInclude Include="src\imps\win32\uiwinlabelimp.h">
      <Filter>imps\win32</Filter>
    </ClInclude>
    <ClInclude Include="src\imps\win32\uiwinlistboximp.h">
      <Filter>imps\win32</Filter>
    </ClInclude>
    <ClInclude Include="src\imps\win32\uiwinopendialogimp.h">
      <Filter>imps\win32</Filter>
    </ClInclude>
    <ClInclude Include="src\imps\win32\uiwinsavedialogimp.h">
      <Filter>imps\win32</Filter>
    </ClInclude>
    <ClInclude Include="src\imps\curses\uicursescomponentimp.h">
      <Filter>imps\curses</Filter>
    </ClInclude>
    <ClInclude Include="src\imps\curses\uicursesdef.h">
      <Filter>imps\curses</Filter>
    </ClInclude>
    <ClInclude Include="src\imps\curses\uicursesgraphicsimp.h">
      <Filter>imps\curses</Filter>
    </ClInclude>
    <ClInclude Include="src\imps\curses\uicursesimpfactory.h">
      <Filter>imps\curses</Filter>
    </ClInclude>
    <ClInclude Include="src\uibutton.h">
      <Filter>comps</Filter>
    </ClInclude>
    <ClInclude Include="src\uieditor.h">
      <Filter>comps</Filter>
    </ClInclude>
    <ClInclude Include="src\uicolordialog.h">
      <Filter>dialogs</Filter>
    </ClInclude>
    <ClInclude Include="src\uicombobox.h">
      <Filter>comps</Filter>
    </ClInclude>
    <ClInclude Include="src\uicomponent.h">
      <Filter>comps</Filter>
    </ClInclude>
    <ClInclude Include="src\uicheckbox.h">
      <Filter>comps</Filter>
    </ClInclude>
    <ClInclude Include="src\uifolderdialog.h">
      <Filter>dialogs</Filter>
    </ClInclude>
    <ClInclude Include="src\uifontdialog.h">
      <Filter>dialogs</Filter>
    </ClInclude>
    <ClInclude Include="src\uilistbox.h">
      <Filter>comps</Filter>
    </ClInclude>
    <ClInclude Include="src\uiopendialog.h">
      <Filter>dialogs</Filter>
    </ClInclude>
    <ClInclude Include="src\uiprogressbar.h">
      <Filter>comps</Filter>
    </ClInclude>
    <ClInclude Include="src\uinotebook.h">
      <Filter>comps</Filter>
    </ClInclude>
    <ClInclude Include="src\uiscrollbar.h">
      <Filter>comps</Filter>
    </ClInclude>
    <ClInclude Include="src\uilabel.h">
      <Filter>comps</Filter>
    </ClInclude>
    <ClInclude Include="src\uiknob.h">
      <Filter>comps</Filter>
    </ClInclude>
    <ClInclude Include="src\uiscroller.h">
      <Filter>comps</Filter>
    </ClInclude>
    <ClInclude Include="src\uisavedialog.h">
      <Filter>dialogs</Filter>
    </ClInclude>
    <ClInclude Include="src\uislider.h">
      <Filter>comps</Filter>
    </ClInclude>
    <ClInclude Include="src\uisplitbar.h">
      <Filter>comps</Filter>
    </ClInclude>
    <ClInclude Include="src\uiswitch.h">
      <Filter>comps</Filter>
    </ClInclude>
    <ClInclude Include="src\uiterminal.h">
      <Filter>comps</Filter>
    </ClInclude>
    <ClInclude Include="src\uiedit.h">
      <Filter>comps</Filter>
    </ClInclude>
    <ClInclude Include="src\uiframe.h">
      <Filter>comps</Filter>
    </ClInclude>
    <ClInclude Include="src\uiapp.h">
      <Filter>Source Files</Filter>
    </ClInclude>
    <ClInclude Include="src\uidefaults.h">
      <Filter>configuration</Filter>
    </ClInclude>
    <ClInclude Include="src\uibitmap.h">
      <Filter>graphics</Filter>
    </ClInclude>
    <ClInclude Include="src\uigraphics.h">
      <Filter>graphics</Filter>
    </ClInclude>
    <ClInclude Include="src\uiimage.h">
      <Filter>comps</Filter>
    </ClInclude>
    <ClInclude Include="src\uiimpfactory.h">
      <Filter>configuration</Filter>
    </ClInclude>
    <ClInclude Include="src\uialigner.h">
      <Filter>Source Files</Filter>
    </ClInclude>
    <ClInclude Include="src\uievents.h">
      <Filter>common</Filter>
    </ClInclude>
    <ClInclude Include="src\uidef.h">
      <Filter>common</Filter>
    </ClInclude>
    <ClInclude Include="src\uifont.h">
      <Filter>common</Filter>
    </ClInclude>
    <ClInclude Include="src\uistyle.h">
      <Filter>common</Filter>
    </ClInclude>
  </ItemGroup>
</Project>